{
  "version": 4,
  "terraform_version": "1.14.4",
  "serial": 1,
  "lineage": "00000000-0000-4000-8000-000000000000",
  "outputs": {},
  "resources": [
    {
      "mode": "managed",
      "type": "aws_acm_certificate",
      "name": "public",
      "provider": "provider[\"registry.terraform.io/hashicorp/aws\"]",
      "instances": [
        {
          "schema_version": 0,
          "attributes": {
            "arn": "arn:aws:acm:us-east-1:123456789012:acm_certificate/ed97230896cef27ef865",
            "certificate_authority_arn": null,
            "certificate_body": null,
            "certificate_chain": null,
            "domain_name": "estate.example.com",
            "domain_validation_options": [
              {
                "domain_name": "estate.example.com",
                "resource_record_name": null,
                "resource_record_type": null,
                "resource_record_value": null
              }
            ],
            "early_renewal_duration": null,
            "id": "ed97230896cef27ef865",
            "key_algorithm": null,
            "not_after": null,
            "not_before": null,
            "options": [],
            "pending_renewal": false,
            "private_key": null,
            "private_key_wo": null,
            "private_key_wo_version": null,
            "region": "us-east-1",
            "renewal_eligibility": null,
            "renewal_summary": [],
            "status": null,
            "subject_alternative_names": [
              "estate.example.com"
            ],
            "tags": {
              "Name": "estate"
            },
            "tags_all": {
              "Name": "estate"
            },
            "type": null,
            "validation_emails": [],
            "validation_method": "DNS",
            "validation_option": []
          },
          "sensitive_attributes": []
        }
      ]
    },
    {
      "mode": "managed",
      "type": "aws_apigatewayv2_api",
      "name": "public",
      "provider": "provider[\"registry.terraform.io/hashicorp/aws\"]",
      "instances": [
        {
          "schema_version": 0,
          "attributes": {
            "api_endpoint": "121afb2bf529e7",
            "api_key_selection_expression": "$request.header.x-api-key",
            "arn": "arn:aws:apigatewayv2:us-east-1:123456789012:apigatewayv2_api/9868057426b2aab7a8a1",
            "body": null,
            "cors_configuration": [],
            "credentials_arn": null,
            "description": null,
            "disable_execute_api_endpoint": null,
            "execution_arn": "arn:aws:apigatewayv2:us-east-1:123456789012:7b0a1a72e067",
            "fail_on_warnings": null,
            "id": "9868057426b2aab7a8a1",
            "ip_address_type": null,
            "name": "estate-public",
            "protocol_type": "HTTP",
            "region": "us-east-1",
            "route_key": null,
            "route_selection_expression": "$request.method $request.path",
            "tags": {
              "Name": "estate-public"
            },
            "tags_all": {
              "Name": "estate-public"
            },
            "target": null,
            "version": null
          },
          "sensitive_attributes": []
        }
      ]
    },
    {
      "mode": "managed",
      "type": "aws_apigatewayv2_integration",
      "name": "thumbnailer",
      "provider": "provider[\"registry.terraform.io/hashicorp/aws\"]",
      "instances": [
        {
          "schema_version": 0,
          "attributes": {
            "api_id": "9868057426b2aab7a8a1",
            "connection_id": null,
            "connection_type": "INTERNET",
            "content_handling_strategy": null,
            "credentials_arn": null,
            "description": null,
            "id": "e0d892c2687dd8630bb4",
            "integration_method": null,
            "integration_response_selection_expression": null,
            "integration_subtype": null,
            "integration_type": "AWS_PROXY",
            "integration_uri": "arn:aws:lambda:us-east-1:123456789012:lambda_function/bce4370ec2b1d3b1158f",
            "passthrough_behavior": null,
            "payload_format_version": "2.0",
            "region": "us-east-1",
            "request_parameters": null,
            "request_templates": null,
            "response_parameters": [],
            "template_selection_expression": null,
            "timeout_milliseconds": 0,
            "tls_config": []
          },
          "sensitive_attributes": []
        }
      ]
    },
    {
      "mode": "managed",
      "type": "aws_apigatewayv2_route",
      "name": "thumbnailer",
      "provider": "provider[\"registry.terraform.io/hashicorp/aws\"]",
      "instances": [
        {
          "schema_version": 0,
          "attributes": {
            "api_id": "9868057426b2aab7a8a1",
            "api_key_required": false,
            "authorization_scopes": null,
            "authorization_type": "NONE",
            "authorizer_id": null,
            "id": "71109fead8a35ba6fbd6",
            "model_selection_expression": null,
            "operation_name": null,
            "region": "us-east-1",
            "request_models": null,
            "request_parameter": [],
            "route_key": "POST /thumbnails",
            "route_response_selection_expression": null,
            "target": "integrations/e0d892c2687dd8630bb4"
          },
          "sensitive_attributes": []
        }
      ]
    },
    {
      "mode": "managed",
      "type": "aws_apigatewayv2_stage",
      "name": "live",
      "provider": "provider[\"registry.terraform.io/hashicorp/aws\"]",
      "instances": [
        {
          "schema_version": 0,
          "attributes": {
            "access_log_settings": [],
            "api_id": "9868057426b2aab7a8a1",
            "arn": "arn:aws:apigatewayv2:us-east-1:123456789012:apigatewayv2_stage/678fe93c040f2f68f69d",
            "auto_deploy": true,
            "client_certificate_id": null,
            "default_route_settings": [],
            "deployment_id": "79658a3a0aaf26",
            "description": null,
            "execution_arn": "arn:aws:apigatewayv2:us-east-1:123456789012:4c7f41592c91",
            "id": "678fe93c040f2f68f69d",
            "invoke_url": "ff4ee703ec25b8",
            "name": "live",
            "region": "us-east-1",
            "route_settings": [],
            "stage_variables": null,
            "tags": {
              "Name": "estate-live"
            },
            "tags_all": {
              "Name": "estate-live"
            }
          },
          "sensitive_attributes": []
        }
      ]
    },
    {
      "mode": "managed",
      "type": "aws_athena_workgroup",
      "name": "analysts",
      "provider": "provider[\"registry.terraform.io/hashicorp/aws\"]",
      "instances": [
        {
          "schema_version": 0,
          "attributes": {
            "arn": "arn:aws:athena:us-east-1:123456789012:athena_workgroup/4a04c49ab516be48dac5",
            "configuration": [
              {
                "bytes_scanned_cutoff_per_query": 0,
                "customer_content_encryption_configuration": [],
                "enable_minimum_encryption_configuration": false,
                "enforce_workgroup_configuration": true,
                "engine_version": [],
                "execution_role": "",
                "identity_center_configuration": [],
                "managed_query_results_configuration": [],
                "monitoring_configuration": [],
                "publish_cloudwatch_metrics_enabled": true,
                "query_results_s3_access_grants_configuration": [],
                "requester_pays_enabled": false,
                "result_configuration": [
                  {
                    "acl_configuration": [],
                    "encryption_configuration": [
                      {
                        "encryption_option": "SSE_KMS",
                        "kms_key_arn": "arn:aws:kms:us-east-1:123456789012:kms_key/b5d1c03d2e62e561bffe"
                      }
                    ],
                    "expected_bucket_owner": "",
                    "output_location": "s3://estate-audit-example/athena/"
                  }
                ]
              }
            ],
            "description": null,
            "force_destroy": false,
            "id": "4a04c49ab516be48dac5",
            "name": "estate-analysts",
            "region": "us-east-1",
            "state": "ENABLED",
            "tags": {
              "Name": "estate-analysts"
            },
            "tags_all": {
              "Name": "estate-analysts"
            }
          },
          "sensitive_attributes": []
        }
      ]
    },
    {
      "mode": "managed",
      "type": "aws_autoscaling_group",
      "name": "worker",
      "provider": "provider[\"registry.terraform.io/hashicorp/aws\"]",
      "instances": [
        {
          "schema_version": 1,
          "attributes": {
            "arn": "arn:aws:autoscaling:us-east-1:123456789012:autoscaling_group/443e910389fa02f54c50",
            "availability_zone_distribution": [],
            "availability_zones": [],
            "capacity_rebalance": null,
            "capacity_reservation_specification": [],
            "context": null,
            "default_cooldown": 0,
            "default_instance_warmup": null,
            "desired_capacity": 2,
            "desired_capacity_type": null,
            "enabled_metrics": null,
            "force_delete": false,
            "force_delete_warm_pool": false,
            "health_check_grace_period": 300,
            "health_check_type": null,
            "id": "443e910389fa02f54c50",
            "ignore_failed_scaling_activities": false,
            "initial_lifecycle_hook": [],
            "instance_lifecycle_policy": [],
            "instance_maintenance_policy": [],
            "instance_refresh": [],
            "launch_configuration": null,
            "launch_template": [
              {
                "id": "lt-00e6d7a97591f69eb",
                "name": "",
                "version": "$Latest"
              }
            ],
            "load_balancers": [],
            "max_instance_lifetime": null,
            "max_size": 6,
            "metrics_granularity": "1Minute",
            "min_elb_capacity": null,
            "min_size": 2,
            "mixed_instances_policy": [],
            "name": "estate-worker",
            "name_prefix": null,
            "placement_group": null,
            "predicted_capacity": 0,
            "protect_from_scale_in": false,
            "region": "us-east-1",
            "service_linked_role_arn": "arn:aws:autoscaling:us-east-1:123456789012:91023675cc75",
            "suspended_processes": null,
            "tag": [],
            "target_group_arns": [
              "arn:aws:elasticloadbalancing:us-east-1:123456789012:targetgroup/0729cca6"
            ],
            "termination_policies": null,
            "timeouts": null,
            "traffic_source": [],
            "vpc_zone_identifier": [
              "subnet-04e484eb0475311c8",
              "subnet-0e1f448daada6aa2b"
            ],
            "wait_for_capacity_timeout": "10m",
            "wait_for_elb_capacity": null,
            "warm_pool": [],
            "warm_pool_size": 0
          },
          "sensitive_attributes": []
        }
      ]
    },
    {
      "mode": "managed",
      "type": "aws_backup_plan",
      "name": "nightly",
      "provider": "provider[\"registry.terraform.io/hashicorp/aws\"]",
      "instances": [
        {
          "schema_version": 1,
          "attributes": {
            "advanced_backup_setting": [],
            "arn": "arn:aws:backup:us-east-1:123456789012:backup_plan/0d3ae8a6f2aab07e547e",
            "id": "0d3ae8a6f2aab07e547e",
            "name": "estate-nightly",
            "region": "us-east-1",
            "rule": [
              {
                "completion_window": 180,
                "copy_action": [],
                "enable_continuous_backup": false,
                "lifecycle": [
                  {
                    "cold_storage_after": null,
                    "delete_after": 30,
                    "opt_in_to_archive_for_supported_resources": null
                  }
                ],
                "recovery_point_tags": null,
                "rule_name": "nightly",
                "scan_action": [],
                "schedule": "cron(0 5 * * ? *)",
                "schedule_expression_timezone": "Etc/UTC",
                "start_window": 60,
                "target_logically_air_gapped_backup_vault_arn": "",
                "target_vault_name": "estate"
              }
            ],
            "scan_setting": [],
            "tags": {
              "Name": "estate-nightly"
            },
            "tags_all": {
              "Name": "estate-nightly"
            },
            "version": null
          },
          "sensitive_attributes": []
        }
      ]
    },
    {
      "mode": "managed",
      "type": "aws_backup_vault",
      "name": "main",
      "provider": "provider[\"registry.terraform.io/hashicorp/aws\"]",
      "instances": [
        {
          "schema_version": 0,
          "attributes": {
            "arn": "arn:aws:backup:us-east-1:123456789012:backup_vault/39287f9c6c61e8e09301",
            "force_destroy": false,
            "id": "39287f9c6c61e8e09301",
            "kms_key_arn": "arn:aws:kms:us-east-1:123456789012:kms_key/b5d1c03d2e62e561bffe",
            "name": "estate",
            "recovery_points": 0,
            "region": "us-east-1",
            "tags": {
              "Name": "estate"
            },
            "tags_all": {
              "Name": "estate"
            },
            "timeouts": null
          },
          "sensitive_attributes": []
        }
      ]
    },
    {
      "mode": "managed",
      "type": "aws_cloudtrail",
      "name": "main",
      "provider": "provider[\"registry.terraform.io/hashicorp/aws\"]",
      "instances": [
        {
          "schema_version": 1,
          "attributes": {
            "advanced_event_selector": [],
            "arn": "arn:aws:cloudtrail:us-east-1:123456789012:cloudtrail/a02da504dfa57136c2d2",
            "cloud_watch_logs_group_arn": null,
            "cloud_watch_logs_role_arn": null,
            "enable_log_file_validation": false,
            "enable_logging": true,
            "event_selector": [],
            "home_region": null,
            "id": "a02da504dfa57136c2d2",
            "include_global_service_events": true,
            "insight_selector": [],
            "is_multi_region_trail": true,
            "is_organization_trail": false,
            "kms_key_id": "arn:aws:kms:us-east-1:123456789012:kms_key/b0932f40f6f1a1e14873",
            "name": "estate",
            "region": "us-east-1",
            "s3_bucket_name": "4d97af1ff7a8636595fa",
            "s3_key_prefix": null,
            "sns_topic_arn": "arn:aws:cloudtrail:us-east-1:123456789012:6991255e5a83",
            "sns_topic_name": null,
            "tags": {
              "Name": "estate"
            },
            "tags_all": {
              "Name": "estate"
            }
          },
          "sensitive_attributes": []
        }
      ]
    },
    {
      "mode": "managed",
      "type": "aws_cloudwatch_event_rule",
      "name": "nightly",
      "provider": "provider[\"registry.terraform.io/hashicorp/aws\"]",
      "instances": [
        {
          "schema_version": 1,
          "attributes": {
            "arn": "arn:aws:cloudwatch:us-east-1:123456789012:cloudwatch_event_rule/ac1576dcf25e8a1992a3",
            "description": null,
            "event_bus_name": "default",
            "event_pattern": null,
            "force_destroy": false,
            "id": "ac1576dcf25e8a1992a3",
            "is_enabled": null,
            "name": "estate-nightly",
            "name_prefix": null,
            "region": "us-east-1",
            "role_arn": null,
            "schedule_expression": "cron(0 3 * * ? *)",
            "state": null,
            "tags": {
              "Name": "estate-nightly"
            },
            "tags_all": {
              "Name": "estate-nightly"
            }
          },
          "sensitive_attributes": []
        }
      ]
    },
    {
      "mode": "managed",
      "type": "aws_cloudwatch_event_target",
      "name": "nightly",
      "provider": "provider[\"registry.terraform.io/hashicorp/aws\"]",
      "instances": [
        {
          "schema_version": 1,
          "attributes": {
            "appsync_target": [],
            "arn": "arn:aws:sqs:us-east-1:123456789012:sqs_queue/cd59efe71ab23c03ddcd",
            "batch_target": [],
            "dead_letter_config": [],
            "ecs_target": [],
            "event_bus_name": "default",
            "force_destroy": false,
            "http_target": [],
            "id": "04a3b7244ebfd5c38dc6",
            "input": null,
            "input_path": null,
            "input_transformer": [],
            "kinesis_target": [],
            "redshift_target": [],
            "region": "us-east-1",
            "retry_policy": [],
            "role_arn": null,
            "rule": "estate-nightly",
            "run_command_targets": [],
            "sagemaker_pipeline_target": [],
            "sqs_target": [],
            "target_id": "6da9dfb5fa2510"
          },
          "sensitive_attributes": []
        }
      ]
    },
    {
      "mode": "managed",
      "type": "aws_cloudwatch_log_group",
      "name": "api",
      "provider": "provider[\"registry.terraform.io/hashicorp/aws\"]",
      "instances": [
        {
          "schema_version": 0,
          "attributes": {
            "arn": "arn:aws:cloudwatch:us-east-1:123456789012:cloudwatch_log_group/2e8fccc56b2211b5d322",
            "deletion_protection_enabled": false,
            "id": "2e8fccc56b2211b5d322",
            "kms_key_id": "arn:aws:kms:us-east-1:123456789012:kms_key/b0932f40f6f1a1e14873",
            "log_group_class": null,
            "name": "/estate/api",
            "name_prefix": null,
            "region": "us-east-1",
            "retention_in_days": 30,
            "skip_destroy": false,
            "tags": {
              "Name": "estate-api"
            },
            "tags_all": {
              "Name": "estate-api"
            }
          },
          "sensitive_attributes": []
        }
      ]
    },
    {
      "mode": "managed",
      "type": "aws_cloudwatch_log_group",
      "name": "thumbnailer",
      "provider": "provider[\"registry.terraform.io/hashicorp/aws\"]",
      "instances": [
        {
          "schema_version": 0,
          "attributes": {
            "arn": "arn:aws:cloudwatch:us-east-1:123456789012:cloudwatch_log_group/7c0c7007e0ee2bd79940",
            "deletion_protection_enabled": false,
            "id": "7c0c7007e0ee2bd79940",
            "kms_key_id": "arn:aws:kms:us-east-1:123456789012:kms_key/b0932f40f6f1a1e14873",
            "log_group_class": null,
            "name": "/aws/lambda/estate-thumbnailer",
            "name_prefix": null,
            "region": "us-east-1",
            "retention_in_days": 14,
            "skip_destroy": false,
            "tags": {
              "Name": "estate-thumbnailer"
            },
            "tags_all": {
              "Name": "estate-thumbnailer"
            }
          },
          "sensitive_attributes": []
        }
      ]
    },
    {
      "mode": "managed",
      "type": "aws_cloudwatch_metric_alarm",
      "name": "queue_depth",
      "provider": "provider[\"registry.terraform.io/hashicorp/aws\"]",
      "instances": [
        {
          "schema_version": 1,
          "attributes": {
            "actions_enabled": true,
            "alarm_actions": [
              "arn:aws:sns:us-east-1:123456789012:sns_topic/40699631ce3bc244b93c"
            ],
            "alarm_description": null,
            "alarm_name": "estate-queue-depth",
            "arn": "arn:aws:cloudwatch:us-east-1:123456789012:cloudwatch_metric_alarm/db9686030dac426b85b2",
            "comparison_operator": "GreaterThanThreshold",
            "datapoints_to_alarm": null,
            "dimensions": {
              "QueueName": "estate-jobs"
            },
            "evaluate_low_sample_count_percentiles": null,
            "evaluation_criteria": [],
            "evaluation_interval": null,
            "evaluation_periods": 3,
            "extended_statistic": null,
            "id": "db9686030dac426b85b2",
            "insufficient_data_actions": null,
            "metric_name": "ApproximateNumberOfMessagesVisible",
            "metric_query": [],
            "namespace": "AWS/SQS",
            "ok_actions": null,
            "period": 300,
            "region": "us-east-1",
            "statistic": "Average",
            "tags": {
              "Name": "estate-queue-depth"
            },
            "tags_all": {
              "Name": "estate-queue-depth"
            },
            "threshold": 1000,
            "threshold_metric_id": null,
            "treat_missing_data": "missing",
            "unit": null
          },
          "sensitive_attributes": []
        }
      ]
    },
    {
      "mode": "managed",
      "type": "aws_cloudwatch_metric_alarm",
      "name": "unhealthy",
      "provider": "provider[\"registry.terraform.io/hashicorp/aws\"]",
      "instances": [
        {
          "schema_version": 1,
          "attributes": {
            "actions_enabled": true,
            "alarm_actions": [
              "arn:aws:sns:us-east-1:123456789012:sns_topic/40699631ce3bc244b93c"
            ],
            "alarm_description": null,
            "alarm_name": "estate-unhealthy-hosts",
            "arn": "arn:aws:cloudwatch:us-east-1:123456789012:cloudwatch_metric_alarm/e46ce68002a1f73b8034",
            "comparison_operator": "GreaterThanThreshold",
            "datapoints_to_alarm": null,
            "dimensions": {
              "LoadBalancer": "7021592b987c7b",
              "TargetGroup": "0adcba3c8eb6ec"
            },
            "evaluate_low_sample_count_percentiles": null,
            "evaluation_criteria": [],
            "evaluation_interval": null,
            "evaluation_periods": 2,
            "extended_statistic": null,
            "id": "e46ce68002a1f73b8034",
            "insufficient_data_actions": null,
            "metric_name": "UnHealthyHostCount",
            "metric_query": [],
            "namespace": "AWS/ApplicationELB",
            "ok_actions": null,
            "period": 60,
            "region": "us-east-1",
            "statistic": "Average",
            "tags": {
              "Name": "estate-unhealthy-hosts"
            },
            "tags_all": {
              "Name": "estate-unhealthy-hosts"
            },
            "threshold": 0,
            "threshold_metric_id": null,
            "treat_missing_data": "missing",
            "unit": null
          },
          "sensitive_attributes": []
        }
      ]
    },
    {
      "mode": "managed",
      "type": "aws_db_instance",
      "name": "reporting",
      "provider": "provider[\"registry.terraform.io/hashicorp/aws\"]",
      "instances": [
        {
          "schema_version": 2,
          "attributes": {
            "address": "3eda11ba9e1f28",
            "allocated_storage": 20,
            "allow_major_version_upgrade": null,
            "apply_immediately": false,
            "arn": "arn:aws:db:us-east-1:123456789012:db_instance/2a58f173946d502f7987",
            "auto_minor_version_upgrade": true,
            "availability_zone": null,
            "backup_retention_period": 0,
            "backup_target": null,
            "backup_window": null,
            "blue_green_update": [],
            "ca_cert_identifier": null,
            "character_set_name": "a68c353957e455",
            "copy_tags_to_snapshot": false,
            "custom_iam_instance_profile": null,
            "customer_owned_ip_enabled": null,
            "database_insights_mode": null,
            "db_name": "bc7181f2d7215e",
            "db_subnet_group_name": "estate",
            "dedicated_log_volume": false,
            "delete_automated_backups": true,
            "deletion_protection": null,
            "domain": null,
            "domain_auth_secret_arn": null,
            "domain_dns_ips": null,
            "domain_fqdn": null,
            "domain_iam_role_name": null,
            "domain_ou": null,
            "enabled_cloudwatch_logs_exports": null,
            "endpoint": "711885109ec1a0",
            "engine": "postgres",
            "engine_lifecycle_support": null,
            "engine_version": null,
            "engine_version_actual": null,
            "final_snapshot_identifier": null,
            "hosted_zone_id": "3a73f8c40bd67c",
            "iam_database_authentication_enabled": null,
            "id": "2a58f173946d502f7987",
            "identifier": "estate-reporting",
            "identifier_prefix": null,
            "instance_class": "db.t4g.micro",
            "iops": 0,
            "kms_key_id": "arn:aws:kms:us-east-1:123456789012:kms_key/b5d1c03d2e62e561bffe",
            "latest_restorable_time": null,
            "license_model": null,
            "listener_endpoint": [],
            "maintenance_window": null,
            "manage_master_user_password": true,
            "master_user_secret": [],
            "master_user_secret_kms_key_id": "abfdd59ba4aa24",
            "max_allocated_storage": null,
            "monitoring_interval": 0,
            "monitoring_role_arn": "arn:aws:db:us-east-1:123456789012:72e5951d623b",
            "multi_az": false,
            "nchar_character_set_name": "d5fcb9534c3315",
            "network_type": null,
            "option_group_name": "93b494a3ffc0f4",
            "parameter_group_name": "349024ef7f8f1b",
            "password": null,
            "password_wo": null,
            "password_wo_version": null,
            "performance_insights_enabled": false,
            "performance_insights_kms_key_id": "4d952b8b69162a",
            "performance_insights_retention_period": 0,
            "port": 0,
            "publicly_accessible": false,
            "region": "us-east-1",
            "replica_mode": null,
            "replicas": [],
            "replicate_source_db": null,
            "resource_id": "44808f724884a3",
            "restore_to_point_in_time": [],
            "s3_import": [],
            "skip_final_snapshot": true,
            "snapshot_identifier": null,
            "status": null,
            "storage_encrypted": true,
            "storage_throughput": 0,
            "storage_type": null,
            "tags": {
              "Name": "estate-reporting"
            },
            "tags_all": {
              "Name": "estate-reporting"
            },
            "timeouts": null,
            "timezone": null,
            "upgrade_rollout_order": null,
            "upgrade_storage_config": null,
            "username": "estate",
            "vpc_security_group_ids": [
              "sg-05dff8a3790b9c8bd"
            ]
          },
          "sensitive_attributes": []
        }
      ]
    },
    {
      "mode": "managed",
      "type": "aws_db_subnet_group",
      "name": "main",
      "provider": "provider[\"registry.terraform.io/hashicorp/aws\"]",
      "instances": [
        {
          "schema_version": 0,
          "attributes": {
            "arn": "arn:aws:db:us-east-1:123456789012:db_subnet_group/a543d249d3c8f715a8c3",
            "description": "Managed by Terraform",
            "id": "a543d249d3c8f715a8c3",
            "name": "estate",
            "name_prefix": null,
            "region": "us-east-1",
            "subnet_ids": [
              "subnet-0855b1ea6d058ca3d",
              "subnet-0faf97c7736988f3c"
            ],
            "supported_network_types": [],
            "tags": {
              "Name": "estate"
            },
            "tags_all": {
              "Name": "estate"
            },
            "vpc_id": "d59ed19aec4eaa"
          },
          "sensitive_attributes": []
        }
      ]
    },
    {
      "mode": "managed",
      "type": "aws_ebs_volume",
      "name": "app",
      "provider": "provider[\"registry.terraform.io/hashicorp/aws\"]",
      "instances": [
        {
          "schema_version": 0,
          "attributes": {
            "arn": "arn:aws:ebs:us-east-1:123456789012:ebs_volume/vol-05bd16e6370ad3cd6",
            "availability_zone": "us-east-1a",
            "create_time": null,
            "encrypted": true,
            "final_snapshot": false,
            "id": "vol-05bd16e6370ad3cd6",
            "iops": 0,
            "kms_key_id": "arn:aws:kms:us-east-1:123456789012:kms_key/b5d1c03d2e62e561bffe",
            "multi_attach_enabled": null,
            "outpost_arn": null,
            "region": "us-east-1",
            "size": 20,
            "snapshot_id": "8190eb8625040a",
            "tags": {
              "Name": "estate-app-us-east-1a"
            },
            "tags_all": {
              "Name": "estate-app-us-east-1a"
            },
            "throughput": 0,
            "timeouts": null,
            "type": null,
            "volume_initialization_rate": null
          },
          "sensitive_attributes": [],
          "index_key": 0
        },
        {
          "schema_version": 0,
          "attributes": {
            "arn": "arn:aws:ebs:us-east-1:123456789012:ebs_volume/vol-07e24001e63f67727",
            "availability_zone": "us-east-1b",
            "create_time": null,
            "encrypted": true,
            "final_snapshot": false,
            "id": "vol-07e24001e63f67727",
            "iops": 0,
            "kms_key_id": "arn:aws:kms:us-east-1:123456789012:kms_key/b5d1c03d2e62e561bffe",
            "multi_attach_enabled": null,
            "outpost_arn": null,
            "region": "us-east-1",
            "size": 20,
            "snapshot_id": "188ed42c77092a",
            "tags": {
              "Name": "estate-app-us-east-1b"
            },
            "tags_all": {
              "Name": "estate-app-us-east-1b"
            },
            "throughput": 0,
            "timeouts": null,
            "type": null,
            "volume_initialization_rate": null
          },
          "sensitive_attributes": [],
          "index_key": 1
        }
      ],
      "each": "list"
    },
    {
      "mode": "managed",
      "type": "aws_ec2_transit_gateway",
      "name": "main",
      "provider": "provider[\"registry.terraform.io/hashicorp/aws\"]",
      "instances": [
        {
          "schema_version": 0,
          "attributes": {
            "amazon_side_asn": 64512,
            "arn": "arn:aws:ec2:us-east-1:123456789012:ec2_transit_gateway/tgw-0712643add85e4d97",
            "association_default_route_table_id": "c8ea26c21ab582",
            "auto_accept_shared_attachments": "disable",
            "default_route_table_association": "enable",
            "default_route_table_propagation": "enable",
            "description": "estate",
            "dns_support": "enable",
            "encryption_support": null,
            "id": "tgw-0712643add85e4d97",
            "multicast_support": "disable",
            "owner_id": "d202fc4de9584c",
            "propagation_default_route_table_id": "827406d9b74542",
            "region": "us-east-1",
            "security_group_referencing_support": "disable",
            "tags": {
              "Name": "estate"
            },
            "tags_all": {
              "Name": "estate"
            },
            "timeouts": null,
            "transit_gateway_cidr_blocks": null,
            "vpn_ecmp_support": "enable"
          },
          "sensitive_attributes": []
        }
      ]
    },
    {
      "mode": "managed",
      "type": "aws_ec2_transit_gateway_vpc_attachment",
      "name": "app",
      "provider": "provider[\"registry.terraform.io/hashicorp/aws\"]",
      "instances": [
        {
          "schema_version": 0,
          "attributes": {
            "appliance_mode_support": "disable",
            "arn": "arn:aws:ec2:us-east-1:123456789012:ec2_transit_gateway_vpc_attachment/tgw-attach-0246f7e8e73a8d56b",
            "dns_support": "enable",
            "id": "tgw-attach-0246f7e8e73a8d56b",
            "ipv6_support": "disable",
            "region": "us-east-1",
            "security_group_referencing_support": null,
            "subnet_ids": [
              "subnet-04e484eb0475311c8",
              "subnet-0e1f448daada6aa2b"
            ],
            "tags": {
              "Name": "estate-app"
            },
            "tags_all": {
              "Name": "estate-app"
            },
            "transit_gateway_default_route_table_association": false,
            "transit_gateway_default_route_table_propagation": false,
            "transit_gateway_id": "tgw-0712643add85e4d97",
            "vpc_id": "vpc-0d727340b00ba37c7",
            "vpc_owner_id": "cbf0d276e8cd65"
          },
          "sensitive_attributes": []
        }
      ]
    },
    {
      "mode": "managed",
      "type": "aws_ec2_transit_gateway_vpc_attachment",
      "name": "data",
      "provider": "provider[\"registry.terraform.io/hashicorp/aws\"]",
      "instances": [
        {
          "schema_version": 0,
          "attributes": {
            "appliance_mode_support": "disable",
            "arn": "arn:aws:ec2:us-east-1:123456789012:ec2_transit_gateway_vpc_attachment/tgw-attach-0454f24a1d47ce471",
            "dns_support": "enable",
            "id": "tgw-attach-0454f24a1d47ce471",
            "ipv6_support": "disable",
            "region": "us-east-1",
            "security_group_referencing_support": null,
            "subnet_ids": [
              "subnet-0855b1ea6d058ca3d",
              "subnet-0faf97c7736988f3c"
            ],
            "tags": {
              "Name": "estate-data"
            },
            "tags_all": {
              "Name": "estate-data"
            },
            "transit_gateway_default_route_table_association": false,
            "transit_gateway_default_route_table_propagation": false,
            "transit_gateway_id": "tgw-0712643add85e4d97",
            "vpc_id": "vpc-034177ef24c4ac66e",
            "vpc_owner_id": "a237b32f1dba33"
          },
          "sensitive_attributes": []
        }
      ]
    },
    {
      "mode": "managed",
      "type": "aws_ecr_repository",
      "name": "api",
      "provider": "provider[\"registry.terraform.io/hashicorp/aws\"]",
      "instances": [
        {
          "schema_version": 0,
          "attributes": {
            "arn": "arn:aws:ecr:us-east-1:123456789012:ecr_repository/bd5e4394df5653230e0c",
            "encryption_configuration": [],
            "force_delete": null,
            "id": "bd5e4394df5653230e0c",
            "image_scanning_configuration": [],
            "image_tag_mutability": "MUTABLE",
            "image_tag_mutability_exclusion_filter": [],
            "name": "estate-api",
            "region": "us-east-1",
            "registry_id": "1f971a0b962fc9",
            "repository_url": "8d79e2117b9281",
            "tags": {
              "Name": "estate-api"
            },
            "tags_all": {
              "Name": "estate-api"
            },
            "timeouts": null
          },
          "sensitive_attributes": []
        }
      ]
    },
    {
      "mode": "managed",
      "type": "aws_ecs_cluster",
      "name": "main",
      "provider": "provider[\"registry.terraform.io/hashicorp/aws\"]",
      "instances": [
        {
          "schema_version": 0,
          "attributes": {
            "arn": "arn:aws:ecs:us-east-1:123456789012:ecs_cluster/608b5286ddc788a5bdd3",
            "configuration": [],
            "id": "608b5286ddc788a5bdd3",
            "name": "estate",
            "region": "us-east-1",
            "service_connect_defaults": [],
            "setting": [],
            "tags": {
              "Name": "estate"
            },
            "tags_all": {
              "Name": "estate"
            }
          },
          "sensitive_attributes": []
        }
      ]
    },
    {
      "mode": "managed",
      "type": "aws_ecs_service",
      "name": "api",
      "provider": "provider[\"registry.terraform.io/hashicorp/aws\"]",
      "instances": [
        {
          "schema_version": 1,
          "attributes": {
            "alarms": [],
            "arn": "arn:aws:ecs:us-east-1:123456789012:ecs_service/ca412f51dd5a439aa08f",
            "availability_zone_rebalancing": null,
            "capacity_provider_strategy": [],
            "cluster": "608b5286ddc788a5bdd3",
            "deployment_circuit_breaker": [],
            "deployment_configuration": [],
            "deployment_controller": [],
            "deployment_maximum_percent": 200,
            "deployment_minimum_healthy_percent": 100,
            "desired_count": 2,
            "enable_ecs_managed_tags": false,
            "enable_execute_command": false,
            "force_delete": null,
            "force_new_deployment": null,
            "health_check_grace_period_seconds": null,
            "iam_role": null,
            "id": "ca412f51dd5a439aa08f",
            "launch_type": "FARGATE",
            "load_balancer": [
              {
                "advanced_configuration": [],
                "container_name": "api",
                "container_port": 8080,
                "elb_name": "",
                "target_group_arn": "arn:aws:elasticloadbalancing:us-east-1:123456789012:targetgroup/78982b9d"
              }
            ],
            "name": "estate-api",
            "network_configuration": [
              {
                "assign_public_ip": false,
                "security_groups": [
                  "sg-0f4e14e106d7ef990"
                ],
                "subnets": [
                  "subnet-04e484eb0475311c8",
                  "subnet-0e1f448daada6aa2b"
                ]
              }
            ],
            "ordered_placement_strategy": [],
            "placement_constraints": [],
            "platform_version": null,
            "propagate_tags": null,
            "region": "us-east-1",
            "scheduling_strategy": "REPLICA",
            "service_connect_configuration": [],
            "service_registries": [],
            "sigint_rollback": null,
            "tags": {
              "Name": "estate-api"
            },
            "tags_all": {
              "Name": "estate-api"
            },
            "task_definition": "arn:aws:ecs:us-east-1:123456789012:ecs_task_definition/96e90c44dc7ee8315be7",
            "timeouts": null,
            "triggers": {},
            "volume_configuration": [],
            "vpc_lattice_configurations": [],
            "wait_for_steady_state": false
          },
          "sensitive_attributes": []
        }
      ]
    },
    {
      "mode": "managed",
      "type": "aws_ecs_task_definition",
      "name": "api",
      "provider": "provider[\"registry.terraform.io/hashicorp/aws\"]",
      "instances": [
        {
          "schema_version": 1,
          "attributes": {
            "arn": "arn:aws:ecs:us-east-1:123456789012:ecs_task_definition/96e90c44dc7ee8315be7",
            "arn_without_revision": null,
            "container_definitions": "[{\"essential\":true,\"image\":\"8d79e2117b9281:latest\",\"name\":\"api\",\"portMappings\":[{\"containerPort\":8080,\"protocol\":\"tcp\"}]}]",
            "cpu": "512",
            "enable_fault_injection": false,
            "ephemeral_storage": [],
            "execution_role_arn": "arn:aws:iam:us-east-1:123456789012:iam_role/6e9a673d131f163ad197",
            "family": "estate-api",
            "id": "96e90c44dc7ee8315be7",
            "ipc_mode": null,
            "memory": "1024",
            "network_mode": "awsvpc",
            "pid_mode": null,
            "placement_constraints": [],
            "proxy_configuration": [],
            "region": "us-east-1",
            "requires_compatibilities": [
              "FARGATE"
            ],
            "revision": 0,
            "runtime_platform": [],
            "skip_destroy": false,
            "tags": {
              "Name": "estate-api"
            },
            "tags_all": {
              "Name": "estate-api"
            },
            "task_role_arn": "arn:aws:iam:us-east-1:123456789012:iam_role/6e9a673d131f163ad197",
            "track_latest": false,
            "volume": []
          },
          "sensitive_attributes": []
        }
      ]
    },
    {
      "mode": "managed",
      "type": "aws_efs_file_system",
      "name": "shared",
      "provider": "provider[\"registry.terraform.io/hashicorp/aws\"]",
      "instances": [
        {
          "schema_version": 0,
          "attributes": {
            "arn": "arn:aws:efs:us-east-1:123456789012:efs_file_system/fs-079948cf8a3fa4086",
            "availability_zone_id": "fc6c7f93260732",
            "availability_zone_name": "be8b365ff321c6",
            "creation_token": null,
            "dns_name": "dca80cb8666d2a",
            "encrypted": true,
            "id": "fs-079948cf8a3fa4086",
            "kms_key_id": "arn:aws:kms:us-east-1:123456789012:kms_key/b5d1c03d2e62e561bffe",
            "lifecycle_policy": [],
            "name": null,
            "number_of_mount_targets": 0,
            "owner_id": "9f881993ed1ec8",
            "performance_mode": null,
            "protection": [],
            "provisioned_throughput_in_mibps": null,
            "region": "us-east-1",
            "size_in_bytes": [],
            "tags": {
              "Name": "estate-shared"
            },
            "tags_all": {
              "Name": "estate-shared"
            },
            "throughput_mode": "bursting"
          },
          "sensitive_attributes": []
        }
      ]
    },
    {
      "mode": "managed",
      "type": "aws_efs_mount_target",
      "name": "shared",
      "provider": "provider[\"registry.terraform.io/hashicorp/aws\"]",
      "instances": [
        {
          "schema_version": 0,
          "attributes": {
            "availability_zone_id": "5b53cfcbccd960",
            "availability_zone_name": "17123dfc7c70d9",
            "dns_name": "48c9c082ac32c2",
            "file_system_arn": "arn:aws:efs:us-east-1:123456789012:eb134082aaef",
            "file_system_id": "fs-079948cf8a3fa4086",
            "id": "fsmt-0a9c9d79e897b62c1",
            "ip_address": "109d893204e103",
            "ip_address_type": null,
            "ipv6_address": "1051a5efee8efd",
            "mount_target_dns_name": "a5d267560069c1",
            "network_interface_id": "c5290bbd8c17ff",
            "owner_id": "9f729633257de4",
            "region": "us-east-1",
            "security_groups": [
              "sg-0c9dae5f54acce97e"
            ],
            "subnet_id": "subnet-04e484eb0475311c8",
            "timeouts": null
          },
          "sensitive_attributes": [],
          "index_key": 0
        },
        {
          "schema_version": 0,
          "attributes": {
            "availability_zone_id": "38a99e71465f42",
            "availability_zone_name": "7bbd6aa3ced0da",
            "dns_name": "2505afc5065859",
            "file_system_arn": "arn:aws:efs:us-east-1:123456789012:4f85b201d448",
            "file_system_id": "fs-079948cf8a3fa4086",
            "id": "fsmt-060e99501ebaa0867",
            "ip_address": "cbd811cbc4d974",
            "ip_address_type": null,
            "ipv6_address": "b2ba1c85315345",
            "mount_target_dns_name": "c9ec97bcbeb322",
            "network_interface_id": "3f2f8fed66b0ef",
            "owner_id": "3d94d6ab76d9c1",
            "region": "us-east-1",
            "security_groups": [
              "sg-0c9dae5f54acce97e"
            ],
            "subnet_id": "subnet-0e1f448daada6aa2b",
            "timeouts": null
          },
          "sensitive_attributes": [],
          "index_key": 1
        }
      ],
      "each": "list"
    },
    {
      "mode": "managed",
      "type": "aws_eip",
      "name": "app_nat",
      "provider": "provider[\"registry.terraform.io/hashicorp/aws\"]",
      "instances": [
        {
          "schema_version": 0,
          "attributes": {
            "address": null,
            "allocation_id": "0b3f28c0e3f79a",
            "arn": "arn:aws:eip:us-east-1:123456789012:eip/eipalloc-0fa28787d3dff6e23",
            "associate_with_private_ip": null,
            "association_id": "f4479e5fe3cb96",
            "carrier_ip": null,
            "customer_owned_ip": null,
            "customer_owned_ipv4_pool": null,
            "domain": "vpc",
            "id": "eipalloc-0fa28787d3dff6e23",
            "instance": null,
            "ipam_pool_id": "7f413397bfc8fd",
            "network_border_group": null,
            "network_interface": null,
            "private_dns": null,
            "private_ip": null,
            "ptr_record": null,
            "public_dns": null,
            "public_ip": null,
            "public_ipv4_pool": null,
            "region": "us-east-1",
            "tags": {
              "Name": "estate-app-nat-us-east-1a"
            },
            "tags_all": {
              "Name": "estate-app-nat-us-east-1a"
            },
            "timeouts": null
          },
          "sensitive_attributes": [],
          "index_key": 0
        },
        {
          "schema_version": 0,
          "attributes": {
            "address": null,
            "allocation_id": "2b359a4f602925",
            "arn": "arn:aws:eip:us-east-1:123456789012:eip/eipalloc-0e3c7314cfd1e06a4",
            "associate_with_private_ip": null,
            "association_id": "ca4df8b18cf8ff",
            "carrier_ip": null,
            "customer_owned_ip": null,
            "customer_owned_ipv4_pool": null,
            "domain": "vpc",
            "id": "eipalloc-0e3c7314cfd1e06a4",
            "instance": null,
            "ipam_pool_id": "4bc6797a911051",
            "network_border_group": null,
            "network_interface": null,
            "private_dns": null,
            "private_ip": null,
            "ptr_record": null,
            "public_dns": null,
            "public_ip": null,
            "public_ipv4_pool": null,
            "region": "us-east-1",
            "tags": {
              "Name": "estate-app-nat-us-east-1b"
            },
            "tags_all": {
              "Name": "estate-app-nat-us-east-1b"
            },
            "timeouts": null
          },
          "sensitive_attributes": [],
          "index_key": 1
        }
      ],
      "each": "list"
    },
    {
      "mode": "managed",
      "type": "aws_elasticache_cluster",
      "name": "sessions",
      "provider": "provider[\"registry.terraform.io/hashicorp/aws\"]",
      "instances": [
        {
          "schema_version": 0,
          "attributes": {
            "apply_immediately": false,
            "arn": "arn:aws:elasticache:us-east-1:123456789012:elasticache_cluster/16920dc564440ca4db59",
            "auto_minor_version_upgrade": "true",
            "availability_zone": null,
            "az_mode": null,
            "cache_nodes": [],
            "cluster_address": "3e88c3d76bbcb2",
            "cluster_id": "estate-sessions",
            "configuration_endpoint": "5412b588d60b00",
            "engine": "redis",
            "engine_version": null,
            "engine_version_actual": null,
            "final_snapshot_identifier": null,
            "id": "16920dc564440ca4db59",
            "ip_discovery": null,
            "log_delivery_configuration": [],
            "maintenance_window": null,
            "network_type": null,
            "node_type": "cache.t4g.micro",
            "notification_topic_arn": null,
            "num_cache_nodes": 1,
            "outpost_mode": null,
            "parameter_group_name": "default.redis7",
            "port": 0,
            "preferred_availability_zones": null,
            "preferred_outpost_arn": "arn:aws:elasticache:us-east-1:123456789012:8b029d1e2f81",
            "region": "us-east-1",
            "replication_group_id": "8f6c06a8f95d8a",
            "security_group_ids": [
              "sg-0e0e924001a60a21c"
            ],
            "snapshot_arns": null,
            "snapshot_name": null,
            "snapshot_retention_limit": null,
            "snapshot_window": null,
            "subnet_group_name": "estate",
            "tags": {
              "Name": "estate-sessions"
            },
            "tags_all": {
              "Name": "estate-sessions"
            },
            "timeouts": null,
            "transit_encryption_enabled": false
          },
          "sensitive_attributes": []
        }
      ]
    },
    {
      "mode": "managed",
      "type": "aws_elasticache_subnet_group",
      "name": "main",
      "provider": "provider[\"registry.terraform.io/hashicorp/aws\"]",
      "instances": [
        {
          "schema_version": 0,
          "attributes": {
            "arn": "arn:aws:elasticache:us-east-1:123456789012:elasticache_subnet_group/5d9de48759e200e3fc00",
            "description": "Managed by Terraform",
            "id": "5d9de48759e200e3fc00",
            "name": "estate",
            "region": "us-east-1",
            "subnet_ids": [
              "subnet-04e484eb0475311c8",
              "subnet-0e1f448daada6aa2b"
            ],
            "tags": null,
            "tags_all": {},
            "vpc_id": "5dac785dad5977"
          },
          "sensitive_attributes": []
        }
      ]
    },
    {
      "mode": "managed",
      "type": "aws_glue_catalog_database",
      "name": "events",
      "provider": "provider[\"registry.terraform.io/hashicorp/aws\"]",
      "instances": [
        {
          "schema_version": 0,
          "attributes": {
            "arn": "arn:aws:glue:us-east-1:123456789012:glue_catalog_database/fe1f39300a17037ec378",
            "catalog_id": "45dd3d6c7ed757",
            "create_table_default_permission": [],
            "description": null,
            "federated_database": [],
            "id": "fe1f39300a17037ec378",
            "location_uri": null,
            "name": "estate_events",
            "parameters": null,
            "region": "us-east-1",
            "tags": null,
            "tags_all": {},
            "target_database": []
          },
          "sensitive_attributes": []
        }
      ]
    },
    {
      "mode": "managed",
      "type": "aws_glue_catalog_table",
      "name": "events",
      "provider": "provider[\"registry.terraform.io/hashicorp/aws\"]",
      "instances": [
        {
          "schema_version": 0,
          "attributes": {
            "arn": "arn:aws:glue:us-east-1:123456789012:glue_catalog_table/1322c4493319f4821960",
            "catalog_id": "4d7b9483b74ad7",
            "database_name": "estate_events",
            "description": null,
            "id": "1322c4493319f4821960",
            "name": "events",
            "open_table_format_input": [],
            "owner": null,
            "parameters": {},
            "partition_index": [],
            "partition_keys": [],
            "region": "us-east-1",
            "retention": null,
            "storage_descriptor": [
              {
                "additional_locations": null,
                "bucket_columns": null,
                "columns": [
                  {
                    "comment": null,
                    "name": "id",
                    "parameters": null,
                    "type": "string"
                  }
                ],
                "compressed": null,
                "input_format": null,
                "location": "s3://estate-assets-example/events/",
                "number_of_buckets": null,
                "output_format": null,
                "parameters": null,
                "schema_reference": [],
                "ser_de_info": [],
                "skewed_info": [],
                "sort_columns": [],
                "stored_as_sub_directories": null
              }
            ],
            "table_type": "EXTERNAL_TABLE",
            "target_table": [],
            "view_definition": [],
            "view_expanded_text": null,
            "view_original_text": null
          },
          "sensitive_attributes": []
        }
      ]
    },
    {
      "mode": "managed",
      "type": "aws_iam_instance_profile",
      "name": "app",
      "provider": "provider[\"registry.terraform.io/hashicorp/aws\"]",
      "instances": [
        {
          "schema_version": 0,
          "attributes": {
            "arn": "arn:aws:iam:us-east-1:123456789012:iam_instance_profile/d7f0996c22f07b2a48f5",
            "create_date": null,
            "id": "d7f0996c22f07b2a48f5",
            "name": "estate-app",
            "name_prefix": null,
            "path": "/",
            "role": "estate-app",
            "tags": null,
            "tags_all": {},
            "unique_id": "bbc07376e618d7"
          },
          "sensitive_attributes": []
        }
      ]
    },
    {
      "mode": "managed",
      "type": "aws_iam_policy",
      "name": "app_read",
      "provider": "provider[\"registry.terraform.io/hashicorp/aws\"]",
      "instances": [
        {
          "schema_version": 0,
          "attributes": {
            "arn": "arn:aws:iam:us-east-1:123456789012:iam_policy/29b865327883a6959e15",
            "attachment_count": 0,
            "delay_after_policy_creation_in_ms": null,
            "description": null,
            "id": "29b865327883a6959e15",
            "name": "estate-app-read",
            "name_prefix": null,
            "path": "/",
            "policy": "{\"Statement\":[{\"Action\":[\"s3:GetObject\"],\"Effect\":\"Allow\",\"Resource\":\"arn:aws:s3:us-east-1:123456789012:s3_bucket/d9c5d089e30e490f8b30/*\"}],\"Version\":\"2012-10-17\"}",
            "policy_id": "d256fff54c29c3",
            "tags": null,
            "tags_all": {}
          },
          "sensitive_attributes": []
        }
      ]
    },
    {
      "mode": "managed",
      "type": "aws_iam_role",
      "name": "app",
      "provider": "provider[\"registry.terraform.io/hashicorp/aws\"]",
      "instances": [
        {
          "schema_version": 0,
          "attributes": {
            "arn": "arn:aws:iam:us-east-1:123456789012:iam_role/0488ca2472095c375e71",
            "assume_role_policy": "{\"Statement\":[{\"Action\":\"sts:AssumeRole\",\"Effect\":\"Allow\",\"Principal\":{\"Service\":\"ec2.amazonaws.com\"}}],\"Version\":\"2012-10-17\"}",
            "create_date": null,
            "description": null,
            "force_detach_policies": false,
            "id": "0488ca2472095c375e71",
            "inline_policy": [],
            "managed_policy_arns": [],
            "max_session_duration": 3600,
            "name": "estate-app",
            "name_prefix": null,
            "path": "/",
            "permissions_boundary": null,
            "tags": {
              "Name": "estate-app"
            },
            "tags_all": {
              "Name": "estate-app"
            },
            "unique_id": "1b67ad97d1be6a"
          },
          "sensitive_attributes": []
        }
      ]
    },
    {
      "mode": "managed",
      "type": "aws_iam_role",
      "name": "lambda",
      "provider": "provider[\"registry.terraform.io/hashicorp/aws\"]",
      "instances": [
        {
          "schema_version": 0,
          "attributes": {
            "arn": "arn:aws:iam:us-east-1:123456789012:iam_role/1f77953539a41dad5a6a",
            "assume_role_policy": "{\"Statement\":[{\"Action\":\"sts:AssumeRole\",\"Effect\":\"Allow\",\"Principal\":{\"Service\":\"lambda.amazonaws.com\"}}],\"Version\":\"2012-10-17\"}",
            "create_date": null,
            "description": null,
            "force_detach_policies": false,
            "id": "1f77953539a41dad5a6a",
            "inline_policy": [],
            "managed_policy_arns": [],
            "max_session_duration": 3600,
            "name": "estate-lambda",
            "name_prefix": null,
            "path": "/",
            "permissions_boundary": null,
            "tags": {
              "Name": "estate-lambda"
            },
            "tags_all": {
              "Name": "estate-lambda"
            },
            "unique_id": "569476d8beed8c"
          },
          "sensitive_attributes": []
        }
      ]
    },
    {
      "mode": "managed",
      "type": "aws_iam_role",
      "name": "task",
      "provider": "provider[\"registry.terraform.io/hashicorp/aws\"]",
      "instances": [
        {
          "schema_version": 0,
          "attributes": {
            "arn": "arn:aws:iam:us-east-1:123456789012:iam_role/6e9a673d131f163ad197",
            "assume_role_policy": "{\"Statement\":[{\"Action\":\"sts:AssumeRole\",\"Effect\":\"Allow\",\"Principal\":{\"Service\":\"ecs-tasks.amazonaws.com\"}}],\"Version\":\"2012-10-17\"}",
            "create_date": null,
            "description": null,
            "force_detach_policies": false,
            "id": "6e9a673d131f163ad197",
            "inline_policy": [],
            "managed_policy_arns": [],
            "max_session_duration": 3600,
            "name": "estate-task",
            "name_prefix": null,
            "path": "/",
            "permissions_boundary": null,
            "tags": {
              "Name": "estate-task"
            },
            "tags_all": {
              "Name": "estate-task"
            },
            "unique_id": "529569c9ee9786"
          },
          "sensitive_attributes": []
        }
      ]
    },
    {
      "mode": "managed",
      "type": "aws_iam_role_policy_attachment",
      "name": "app_read",
      "provider": "provider[\"registry.terraform.io/hashicorp/aws\"]",
      "instances": [
        {
          "schema_version": 0,
          "attributes": {
            "id": "af6609b01acb6083bcc1",
            "policy_arn": "arn:aws:iam:us-east-1:123456789012:iam_policy/29b865327883a6959e15",
            "role": "estate-app"
          },
          "sensitive_attributes": []
        }
      ]
    },
    {
      "mode": "managed",
      "type": "aws_instance",
      "name": "app",
      "provider": "provider[\"registry.terraform.io/hashicorp/aws\"]",
      "instances": [
        {
          "schema_version": 2,
          "attributes": {
            "ami": "ami-0c101f26f147fa7fd",
            "arn": "arn:aws:instance:us-east-1:123456789012:instance/i-0b41118754fb8f173",
            "associate_public_ip_address": false,
            "availability_zone": null,
            "capacity_reservation_specification": [],
            "cpu_options": [],
            "credit_specification": [],
            "disable_api_stop": false,
            "disable_api_termination": false,
            "ebs_block_device": [],
            "ebs_optimized": false,
            "enable_primary_ipv6": false,
            "enclave_options": [],
            "ephemeral_block_device": [],
            "force_destroy": false,
            "get_password_data": false,
            "hibernation": null,
            "host_id": "375ad5dafe5d4a",
            "host_resource_group_arn": "arn:aws:instance:us-east-1:123456789012:6441b8e504b0",
            "iam_instance_profile": "estate-app",
            "id": "i-0b41118754fb8f173",
            "instance_initiated_shutdown_behavior": null,
            "instance_lifecycle": null,
            "instance_market_options": [],
            "instance_state": null,
            "instance_type": "t3.small",
            "ipv6_address_count": 0,
            "ipv6_addresses": [],
            "key_name": "19e7cc44f22f2f",
            "launch_template": [],
            "maintenance_options": [],
            "metadata_options": [],
            "monitoring": false,
            "network_interface": [],
            "outpost_arn": "arn:aws:instance:us-east-1:123456789012:627c1fe2f7f1",
            "password_data": null,
            "placement_group": null,
            "placement_group_id": "9b86e3d437b502",
            "placement_partition_number": 0,
            "primary_network_interface": [],
            "primary_network_interface_id": "cdb07f2ac02666",
            "private_dns": null,
            "private_dns_name_options": [],
            "private_ip": null,
            "public_dns": null,
            "public_ip": null,
            "region": "us-east-1",
            "root_block_device": [],
            "secondary_network_interface": [],
            "secondary_private_ips": [],
            "security_groups": [],
            "source_dest_check": true,
            "spot_instance_request_id": "3919b24c2dd86d",
            "subnet_id": "subnet-04e484eb0475311c8",
            "tags": {
              "Name": "estate-app-us-east-1a"
            },
            "tags_all": {
              "Name": "estate-app-us-east-1a"
            },
            "tenancy": null,
            "timeouts": null,
            "user_data": null,
            "user_data_base64": null,
            "user_data_replace_on_change": false,
            "volume_tags": null,
            "vpc_security_group_ids": [
              "sg-0f4e14e106d7ef990"
            ]
          },
          "sensitive_attributes": [],
          "index_key": 0
        },
        {
          "schema_version": 2,
          "attributes": {
            "ami": "ami-0c101f26f147fa7fd",
            "arn": "arn:aws:instance:us-east-1:123456789012:instance/i-07b070df6318418ee",
            "associate_public_ip_address": false,
            "availability_zone": null,
            "capacity_reservation_specification": [],
            "cpu_options": [],
            "credit_specification": [],
            "disable_api_stop": false,
            "disable_api_termination": false,
            "ebs_block_device": [],
            "ebs_optimized": false,
            "enable_primary_ipv6": false,
            "enclave_options": [],
            "ephemeral_block_device": [],
            "force_destroy": false,
            "get_password_data": false,
            "hibernation": null,
            "host_id": "6a2036bbcf847f",
            "host_resource_group_arn": "arn:aws:instance:us-east-1:123456789012:287645005b57",
            "iam_instance_profile": "estate-app",
            "id": "i-07b070df6318418ee",
            "instance_initiated_shutdown_behavior": null,
            "instance_lifecycle": null,
            "instance_market_options": [],
            "instance_state": null,
            "instance_type": "t3.small",
            "ipv6_address_count": 0,
            "ipv6_addresses": [],
            "key_name": "003a1b38d303a2",
            "launch_template": [],
            "maintenance_options": [],
            "metadata_options": [],
            "monitoring": false,
            "network_interface": [],
            "outpost_arn": "arn:aws:instance:us-east-1:123456789012:8b0effdb8fe0",
            "password_data": null,
            "placement_group": null,
            "placement_group_id": "578c5054ac2cbb",
            "placement_partition_number": 0,
            "primary_network_interface": [],
            "primary_network_interface_id": "b2365afc7d0b9e",
            "private_dns": null,
            "private_dns_name_options": [],
            "private_ip": null,
            "public_dns": null,
            "public_ip": null,
            "region": "us-east-1",
            "root_block_device": [],
            "secondary_network_interface": [],
            "secondary_private_ips": [],
            "security_groups": [],
            "source_dest_check": true,
            "spot_instance_request_id": "508f857719d24c",
            "subnet_id": "subnet-0e1f448daada6aa2b",
            "tags": {
              "Name": "estate-app-us-east-1b"
            },
            "tags_all": {
              "Name": "estate-app-us-east-1b"
            },
            "tenancy": null,
            "timeouts": null,
            "user_data": null,
            "user_data_base64": null,
            "user_data_replace_on_change": false,
            "volume_tags": null,
            "vpc_security_group_ids": [
              "sg-0f4e14e106d7ef990"
            ]
          },
          "sensitive_attributes": [],
          "index_key": 1
        }
      ],
      "each": "list"
    },
    {
      "mode": "managed",
      "type": "aws_internet_gateway",
      "name": "app",
      "provider": "provider[\"registry.terraform.io/hashicorp/aws\"]",
      "instances": [
        {
          "schema_version": 0,
          "attributes": {
            "arn": "arn:aws:internet:us-east-1:123456789012:internet_gateway/igw-024cc6666c26c5be7",
            "id": "igw-024cc6666c26c5be7",
            "owner_id": "c662fa8d3be250",
            "region": "us-east-1",
            "tags": {
              "Name": "estate-app"
            },
            "tags_all": {
              "Name": "estate-app"
            },
            "timeouts": null,
            "vpc_id": "vpc-0d727340b00ba37c7"
          },
          "sensitive_attributes": []
        }
      ]
    },
    {
      "mode": "managed",
      "type": "aws_kinesis_stream",
      "name": "events",
      "provider": "provider[\"registry.terraform.io/hashicorp/aws\"]",
      "instances": [
        {
          "schema_version": 1,
          "attributes": {
            "arn": "arn:aws:kinesis:us-east-1:123456789012:kinesis_stream/a98c156f00defdec4965",
            "encryption_type": "KMS",
            "enforce_consumer_deletion": false,
            "id": "a98c156f00defdec4965",
            "kms_key_id": "arn:aws:kms:us-east-1:123456789012:kms_key/b5d1c03d2e62e561bffe",
            "max_record_size_in_kib": 0,
            "name": "estate-events",
            "region": "us-east-1",
            "retention_period": 24,
            "shard_count": 1,
            "shard_level_metrics": null,
            "stream_mode_details": [],
            "tags": {
              "Name": "estate-events"
            },
            "tags_all": {
              "Name": "estate-events"
            },
            "timeouts": null,
            "warm_throughput_mib_ps": null
          },
          "sensitive_attributes": []
        }
      ]
    },
    {
      "mode": "managed",
      "type": "aws_kms_alias",
      "name": "data",
      "provider": "provider[\"registry.terraform.io/hashicorp/aws\"]",
      "instances": [
        {
          "schema_version": 0,
          "attributes": {
            "arn": "arn:aws:kms:us-east-1:123456789012:kms_alias/ae0bc0651236aabf4f62",
            "id": "ae0bc0651236aabf4f62",
            "name": "alias/estate-data",
            "name_prefix": null,
            "region": "us-east-1",
            "target_key_arn": "arn:aws:kms:us-east-1:123456789012:5b233775e674",
            "target_key_id": "b70c6ce79d9da3"
          },
          "sensitive_attributes": []
        }
      ]
    },
    {
      "mode": "managed",
      "type": "aws_kms_alias",
      "name": "logs",
      "provider": "provider[\"registry.terraform.io/hashicorp/aws\"]",
      "instances": [
        {
          "schema_version": 0,
          "attributes": {
            "arn": "arn:aws:kms:us-east-1:123456789012:kms_alias/b7759ec5add1d28ea62a",
            "id": "b7759ec5add1d28ea62a",
            "name": "alias/estate-logs",
            "name_prefix": null,
            "region": "us-east-1",
            "target_key_arn": "arn:aws:kms:us-east-1:123456789012:99a2698fa680",
            "target_key_id": "f7b674fcdea518"
          },
          "sensitive_attributes": []
        }
      ]
    },
    {
      "mode": "managed",
      "type": "aws_kms_key",
      "name": "data",
      "provider": "provider[\"registry.terraform.io/hashicorp/aws\"]",
      "instances": [
        {
          "schema_version": 0,
          "attributes": {
            "arn": "arn:aws:kms:us-east-1:123456789012:kms_key/b5d1c03d2e62e561bffe",
            "bypass_policy_lockout_safety_check": false,
            "custom_key_store_id": null,
            "customer_master_key_spec": "SYMMETRIC_DEFAULT",
            "deletion_window_in_days": 10,
            "description": "estate data at rest",
            "enable_key_rotation": true,
            "id": "b5d1c03d2e62e561bffe",
            "is_enabled": true,
            "key_id": "b70c6ce79d9da3",
            "key_usage": "ENCRYPT_DECRYPT",
            "multi_region": false,
            "policy": null,
            "region": "us-east-1",
            "rotation_period_in_days": 0,
            "tags": {
              "Name": "estate-data"
            },
            "tags_all": {
              "Name": "estate-data"
            },
            "timeouts": null,
            "xks_key_id": null
          },
          "sensitive_attributes": []
        }
      ]
    },
    {
      "mode": "managed",
      "type": "aws_kms_key",
      "name": "logs",
      "provider": "provider[\"registry.terraform.io/hashicorp/aws\"]",
      "instances": [
        {
          "schema_version": 0,
          "attributes": {
            "arn": "arn:aws:kms:us-east-1:123456789012:kms_key/b0932f40f6f1a1e14873",
            "bypass_policy_lockout_safety_check": false,
            "custom_key_store_id": null,
            "customer_master_key_spec": "SYMMETRIC_DEFAULT",
            "deletion_window_in_days": 10,
            "description": "estate logs at rest",
            "enable_key_rotation": false,
            "id": "b0932f40f6f1a1e14873",
            "is_enabled": true,
            "key_id": "f7b674fcdea518",
            "key_usage": "ENCRYPT_DECRYPT",
            "multi_region": false,
            "policy": null,
            "region": "us-east-1",
            "rotation_period_in_days": 0,
            "tags": {
              "Name": "estate-logs"
            },
            "tags_all": {
              "Name": "estate-logs"
            },
            "timeouts": null,
            "xks_key_id": null
          },
          "sensitive_attributes": []
        }
      ]
    },
    {
      "mode": "managed",
      "type": "aws_lambda_function",
      "name": "thumbnailer",
      "provider": "provider[\"registry.terraform.io/hashicorp/aws\"]",
      "instances": [
        {
          "schema_version": 0,
          "attributes": {
            "architectures": [],
            "arn": "arn:aws:lambda:us-east-1:123456789012:lambda_function/bce4370ec2b1d3b1158f",
            "capacity_provider_config": [],
            "code_sha256": null,
            "code_signing_config_arn": null,
            "dead_letter_config": [],
            "description": null,
            "durable_config": [],
            "environment": [],
            "ephemeral_storage": [],
            "file_system_config": [],
            "filename": null,
            "function_name": "estate-thumbnailer",
            "handler": null,
            "id": "bce4370ec2b1d3b1158f",
            "image_config": [],
            "image_uri": "8d79e2117b9281:thumbnailer",
            "invoke_arn": "arn:aws:lambda:us-east-1:123456789012:d3159d9b22e9",
            "kms_key_arn": "arn:aws:kms:us-east-1:123456789012:kms_key/b5d1c03d2e62e561bffe",
            "last_modified": null,
            "layers": null,
            "logging_config": [],
            "memory_size": 128,
            "package_type": "Image",
            "publish": false,
            "publish_to": null,
            "qualified_arn": "arn:aws:lambda:us-east-1:123456789012:096295050bf5",
            "qualified_invoke_arn": "arn:aws:lambda:us-east-1:123456789012:641cf59b2ee9",
            "region": "us-east-1",
            "replace_security_groups_on_destroy": null,
            "replacement_security_group_ids": null,
            "reserved_concurrent_executions": -1,
            "response_streaming_invoke_arn": "arn:aws:lambda:us-east-1:123456789012:de60001b8f68",
            "role": "arn:aws:iam:us-east-1:123456789012:iam_role/1f77953539a41dad5a6a",
            "runtime": null,
            "s3_bucket": null,
            "s3_key": null,
            "s3_object_version": null,
            "signing_job_arn": "arn:aws:lambda:us-east-1:123456789012:d547510b7252",
            "signing_profile_version_arn": "arn:aws:lambda:us-east-1:123456789012:42d54a0db672",
            "skip_destroy": false,
            "snap_start": [],
            "source_code_hash": null,
            "source_code_size": 0,
            "source_kms_key_arn": null,
            "tags": {
              "Name": "estate-thumbnailer"
            },
            "tags_all": {
              "Name": "estate-thumbnailer"
            },
            "tenancy_config": [],
            "timeout": 3,
            "timeouts": null,
            "tracing_config": [],
            "use_resource_timeout_for_propagation": null,
            "version": null,
            "vpc_config": [
              {
                "ipv6_allowed_for_dual_stack": false,
                "security_group_ids": [
                  "sg-0f4e14e106d7ef990"
                ],
                "subnet_ids": [
                  "subnet-04e484eb0475311c8",
                  "subnet-0e1f448daada6aa2b"
                ],
                "vpc_id": ""
              }
            ]
          },
          "sensitive_attributes": []
        }
      ]
    },
    {
      "mode": "managed",
      "type": "aws_launch_template",
      "name": "worker",
      "provider": "provider[\"registry.terraform.io/hashicorp/aws\"]",
      "instances": [
        {
          "schema_version": 1,
          "attributes": {
            "arn": "arn:aws:launch:us-east-1:123456789012:launch_template/lt-00e6d7a97591f69eb",
            "block_device_mappings": [],
            "capacity_reservation_specification": [],
            "cpu_options": [],
            "credit_specification": [],
            "default_version": 0,
            "description": null,
            "disable_api_stop": null,
            "disable_api_termination": null,
            "ebs_optimized": null,
            "enclave_options": [],
            "hibernation_options": [],
            "iam_instance_profile": [
              {
                "arn": "",
                "name": "estate-app"
              }
            ],
            "id": "lt-00e6d7a97591f69eb",
            "image_id": "ami-0c101f26f147fa7fd",
            "instance_initiated_shutdown_behavior": null,
            "instance_market_options": [],
            "instance_requirements": [],
            "instance_type": "t3.small",
            "kernel_id": null,
            "key_name": null,
            "latest_version": 0,
            "license_specification": [],
            "maintenance_options": [],
            "metadata_options": [],
            "monitoring": [],
            "name": "estate-worker",
            "name_prefix": null,
            "network_interfaces": [],
            "network_performance_options": [],
            "placement": [],
            "private_dns_name_options": [],
            "ram_disk_id": null,
            "region": "us-east-1",
            "secondary_interfaces": [],
            "security_group_names": null,
            "tag_specifications": [],
            "tags": {
              "Name": "estate-worker"
            },
            "tags_all": {
              "Name": "estate-worker"
            },
            "update_default_version": null,
            "user_data": null,
            "vpc_security_group_ids": [
              "sg-0f4e14e106d7ef990"
            ]
          },
          "sensitive_attributes": []
        }
      ]
    },
    {
      "mode": "managed",
      "type": "aws_lb",
      "name": "internal",
      "provider": "provider[\"registry.terraform.io/hashicorp/aws\"]",
      "instances": [
        {
          "schema_version": 0,
          "attributes": {
            "access_logs": [],
            "arn": "arn:aws:elasticloadbalancing:us-east-1:123456789012:loadbalancer/app/b68bfb8f",
            "arn_suffix": "449d784c39b204",
            "client_keep_alive": null,
            "connection_logs": [],
            "customer_owned_ipv4_pool": null,
            "desync_mitigation_mode": null,
            "dns_name": "09e96ee51628ad",
            "dns_record_client_routing_policy": "any_availability_zone",
            "drop_invalid_header_fields": null,
            "enable_cross_zone_load_balancing": false,
            "enable_deletion_protection": false,
            "enable_http2": null,
            "enable_prefix_for_ipv6_source_nat": null,
            "enable_tls_version_and_cipher_suite_headers": null,
            "enable_waf_fail_open": null,
            "enable_xff_client_port": null,
            "enable_zonal_shift": false,
            "enforce_security_group_inbound_rules_on_private_link_traffic": null,
            "health_check_logs": [],
            "id": "arn:aws:elasticloadbalancing:us-east-1:123456789012:loadbalancer/app/b68bfb8f",
            "idle_timeout": null,
            "internal": true,
            "ip_address_type": null,
            "ipam_pools": [],
            "load_balancer_type": "network",
            "minimum_load_balancer_capacity": [],
            "name": "estate-internal",
            "name_prefix": null,
            "preserve_host_header": null,
            "region": "us-east-1",
            "secondary_ips_auto_assigned_per_subnet": 0,
            "security_groups": [],
            "subnet_mapping": [],
            "subnets": [
              "subnet-04e484eb0475311c8",
              "subnet-0e1f448daada6aa2b"
            ],
            "tags": {
              "Name": "estate-internal"
            },
            "tags_all": {
              "Name": "estate-internal"
            },
            "timeouts": null,
            "vpc_id": "800ee96b4e9508",
            "xff_header_processing_mode": null,
            "zone_id": "48b4e43e4d477c"
          },
          "sensitive_attributes": []
        }
      ]
    },
    {
      "mode": "managed",
      "type": "aws_lb",
      "name": "public",
      "provider": "provider[\"registry.terraform.io/hashicorp/aws\"]",
      "instances": [
        {
          "schema_version": 0,
          "attributes": {
            "access_logs": [],
            "arn": "arn:aws:elasticloadbalancing:us-east-1:123456789012:loadbalancer/app/22db8eb4",
            "arn_suffix": "7021592b987c7b",
            "client_keep_alive": 3600,
            "connection_logs": [],
            "customer_owned_ipv4_pool": null,
            "desync_mitigation_mode": "defensive",
            "dns_name": "03ba6087176a6f",
            "dns_record_client_routing_policy": null,
            "drop_invalid_header_fields": false,
            "enable_cross_zone_load_balancing": null,
            "enable_deletion_protection": false,
            "enable_http2": true,
            "enable_prefix_for_ipv6_source_nat": null,
            "enable_tls_version_and_cipher_suite_headers": false,
            "enable_waf_fail_open": false,
            "enable_xff_client_port": false,
            "enable_zonal_shift": false,
            "enforce_security_group_inbound_rules_on_private_link_traffic": null,
            "health_check_logs": [],
            "id": "arn:aws:elasticloadbalancing:us-east-1:123456789012:loadbalancer/app/22db8eb4",
            "idle_timeout": 60,
            "internal": false,
            "ip_address_type": null,
            "ipam_pools": [],
            "load_balancer_type": "application",
            "minimum_load_balancer_capacity": [],
            "name": "estate-public",
            "name_prefix": null,
            "preserve_host_header": false,
            "region": "us-east-1",
            "secondary_ips_auto_assigned_per_subnet": 0,
            "security_groups": [
              "sg-08ceb6078c7bc0c9f"
            ],
            "subnet_mapping": [],
            "subnets": [
              "subnet-057e2d26fd8dc1046",
              "subnet-0c8de3fa67400178a"
            ],
            "tags": {
              "Name": "estate-public"
            },
            "tags_all": {
              "Name": "estate-public"
            },
            "timeouts": null,
            "vpc_id": "5f20f4db4540f4",
            "xff_header_processing_mode": "append",
            "zone_id": "eb6de171c75ee5"
          },
          "sensitive_attributes": []
        }
      ]
    },
    {
      "mode": "managed",
      "type": "aws_lb_listener",
      "name": "https",
      "provider": "provider[\"registry.terraform.io/hashicorp/aws\"]",
      "instances": [
        {
          "schema_version": 0,
          "attributes": {
            "alpn_policy": null,
            "arn": "arn:aws:elasticloadbalancing:us-east-1:123456789012:listener/app/5ebf96a5",
            "certificate_arn": "arn:aws:acm:us-east-1:123456789012:acm_certificate/ed97230896cef27ef865",
            "default_action": [
              {
                "authenticate_cognito": [],
                "authenticate_oidc": [],
                "fixed_response": [],
                "forward": [],
                "jwt_validation": [],
                "order": 0,
                "redirect": [],
                "target_group_arn": "arn:aws:elasticloadbalancing:us-east-1:123456789012:targetgroup/0729cca6",
                "type": "forward"
              }
            ],
            "id": "arn:aws:elasticloadbalancing:us-east-1:123456789012:listener/app/5ebf96a5",
            "load_balancer_arn": "arn:aws:elasticloadbalancing:us-east-1:123456789012:loadbalancer/app/22db8eb4",
            "mutual_authentication": [],
            "port": 443,
            "protocol": "HTTPS",
            "region": "us-east-1",
            "routing_http_request_x_amzn_mtls_clientcert_header_name": "2a64d7b9321fcb",
            "routing_http_request_x_amzn_mtls_clientcert_issuer_header_name": "30b6e3dd6ec2f3",
            "routing_http_request_x_amzn_mtls_clientcert_leaf_header_name": "1d7e402890f1f8",
            "routing_http_request_x_amzn_mtls_clientcert_serial_number_header_name": "75f2a9cdb5d16a",
            "routing_http_request_x_amzn_mtls_clientcert_subject_header_name": "7734f89b6a6e39",
            "routing_http_request_x_amzn_mtls_clientcert_validity_header_name": "248697c67df8c0",
            "routing_http_request_x_amzn_tls_cipher_suite_header_name": "0e7d400499d068",
            "routing_http_request_x_amzn_tls_version_header_name": "caa0b70c78ee4e",
            "routing_http_response_access_control_allow_credentials_header_value": null,
            "routing_http_response_access_control_allow_headers_header_value": null,
            "routing_http_response_access_control_allow_methods_header_value": null,
            "routing_http_response_access_control_allow_origin_header_value": null,
            "routing_http_response_access_control_expose_headers_header_value": null,
            "routing_http_response_access_control_max_age_header_value": null,
            "routing_http_response_content_security_policy_header_value": null,
            "routing_http_response_server_enabled": false,
            "routing_http_response_strict_transport_security_header_value": null,
            "routing_http_response_x_content_type_options_header_value": null,
            "routing_http_response_x_frame_options_header_value": null,
            "ssl_policy": "ELBSecurityPolicy-2016-08",
            "tags": null,
            "tags_all": {},
            "tcp_idle_timeout_seconds": 0,
            "timeouts": null
          },
          "sensitive_attributes": []
        }
      ]
    },
    {
      "mode": "managed",
      "type": "aws_lb_listener",
      "name": "internal",
      "provider": "provider[\"registry.terraform.io/hashicorp/aws\"]",
      "instances": [
        {
          "schema_version": 0,
          "attributes": {
            "alpn_policy": null,
            "arn": "arn:aws:elasticloadbalancing:us-east-1:123456789012:listener/app/1ccd5fb3",
            "certificate_arn": null,
            "default_action": [
              {
                "authenticate_cognito": [],
                "authenticate_oidc": [],
                "fixed_response": [],
                "forward": [],
                "jwt_validation": [],
                "order": 0,
                "redirect": [],
                "target_group_arn": "arn:aws:elasticloadbalancing:us-east-1:123456789012:targetgroup/a3260d2f",
                "type": "forward"
              }
            ],
            "id": "arn:aws:elasticloadbalancing:us-east-1:123456789012:listener/app/1ccd5fb3",
            "load_balancer_arn": "arn:aws:elasticloadbalancing:us-east-1:123456789012:loadbalancer/app/b68bfb8f",
            "mutual_authentication": [],
            "port": 5432,
            "protocol": "TCP",
            "region": "us-east-1",
            "routing_http_request_x_amzn_mtls_clientcert_header_name": "47b43bd0200daa",
            "routing_http_request_x_amzn_mtls_clientcert_issuer_header_name": "d8afbe514c2fb3",
            "routing_http_request_x_amzn_mtls_clientcert_leaf_header_name": "decc9dd7c8c0f1",
            "routing_http_request_x_amzn_mtls_clientcert_serial_number_header_name": "e5a21075543f95",
            "routing_http_request_x_amzn_mtls_clientcert_subject_header_name": "0a0f022318f5be",
            "routing_http_request_x_amzn_mtls_clientcert_validity_header_name": "5d06d043e2e8da",
            "routing_http_request_x_amzn_tls_cipher_suite_header_name": "4cc4a057d5a8f1",
            "routing_http_request_x_amzn_tls_version_header_name": "c724f72afa1702",
            "routing_http_response_access_control_allow_credentials_header_value": null,
            "routing_http_response_access_control_allow_headers_header_value": null,
            "routing_http_response_access_control_allow_methods_header_value": null,
            "routing_http_response_access_control_allow_origin_header_value": null,
            "routing_http_response_access_control_expose_headers_header_value": null,
            "routing_http_response_access_control_max_age_header_value": null,
            "routing_http_response_content_security_policy_header_value": null,
            "routing_http_response_server_enabled": false,
            "routing_http_response_strict_transport_security_header_value": null,
            "routing_http_response_x_content_type_options_header_value": null,
            "routing_http_response_x_frame_options_header_value": null,
            "ssl_policy": null,
            "tags": null,
            "tags_all": {},
            "tcp_idle_timeout_seconds": 0,
            "timeouts": null
          },
          "sensitive_attributes": []
        }
      ]
    },
    {
      "mode": "managed",
      "type": "aws_lb_listener",
      "name": "redirect",
      "provider": "provider[\"registry.terraform.io/hashicorp/aws\"]",
      "instances": [
        {
          "schema_version": 0,
          "attributes": {
            "alpn_policy": null,
            "arn": "arn:aws:elasticloadbalancing:us-east-1:123456789012:listener/app/553807c6",
            "certificate_arn": null,
            "default_action": [
              {
                "authenticate_cognito": [],
                "authenticate_oidc": [],
                "fixed_response": [],
                "forward": [],
                "jwt_validation": [],
                "order": null,
                "redirect": [
                  {
                    "host": "#{host}",
                    "path": "/#{path}",
                    "port": "443",
                    "protocol": "HTTPS",
                    "query": "#{query}",
                    "status_code": "HTTP_301"
                  }
                ],
                "target_group_arn": null,
                "type": "redirect"
              }
            ],
            "id": "arn:aws:elasticloadbalancing:us-east-1:123456789012:listener/app/553807c6",
            "load_balancer_arn": "arn:aws:elasticloadbalancing:us-east-1:123456789012:loadbalancer/app/22db8eb4",
            "mutual_authentication": [],
            "port": 80,
            "protocol": "HTTP",
            "region": "us-east-1",
            "routing_http_request_x_amzn_mtls_clientcert_header_name": "07371df2540636",
            "routing_http_request_x_amzn_mtls_clientcert_issuer_header_name": "a2b926cc494e94",
            "routing_http_request_x_amzn_mtls_clientcert_leaf_header_name": "43f23284401150",
            "routing_http_request_x_amzn_mtls_clientcert_serial_number_header_name": "2a4429222280d2",
            "routing_http_request_x_amzn_mtls_clientcert_subject_header_name": "dab772b0154d7c",
            "routing_http_request_x_amzn_mtls_clientcert_validity_header_name": "88b4c5e1f71515",
            "routing_http_request_x_amzn_tls_cipher_suite_header_name": "7ec706a794cdbb",
            "routing_http_request_x_amzn_tls_version_header_name": "2ad1c5de6e1d99",
            "routing_http_response_access_control_allow_credentials_header_value": null,
            "routing_http_response_access_control_allow_headers_header_value": null,
            "routing_http_response_access_control_allow_methods_header_value": null,
            "routing_http_response_access_control_allow_origin_header_value": null,
            "routing_http_response_access_control_expose_headers_header_value": null,
            "routing_http_response_access_control_max_age_header_value": null,
            "routing_http_response_content_security_policy_header_value": null,
            "routing_http_response_server_enabled": false,
            "routing_http_response_strict_transport_security_header_value": null,
            "routing_http_response_x_content_type_options_header_value": null,
            "routing_http_response_x_frame_options_header_value": null,
            "ssl_policy": null,
            "tags": null,
            "tags_all": {},
            "tcp_idle_timeout_seconds": 0,
            "timeouts": null
          },
          "sensitive_attributes": []
        }
      ]
    },
    {
      "mode": "managed",
      "type": "aws_lb_listener_rule",
      "name": "api",
      "provider": "provider[\"registry.terraform.io/hashicorp/aws\"]",
      "instances": [
        {
          "schema_version": 0,
          "attributes": {
            "action": [
              {
                "authenticate_cognito": [],
                "authenticate_oidc": [],
                "fixed_response": [],
                "forward": [],
                "jwt_validation": [],
                "order": null,
                "redirect": [],
                "target_group_arn": "arn:aws:elasticloadbalancing:us-east-1:123456789012:targetgroup/78982b9d",
                "type": "forward"
              }
            ],
            "arn": "arn:aws:elasticloadbalancing:us-east-1:123456789012:listener-rule/app/b98c0594",
            "condition": [
              {
                "host_header": [],
                "http_header": [],
                "http_request_method": [],
                "path_pattern": [
                  {
                    "regex_values": [],
                    "values": [
                      "/api/*"
                    ]
                  }
                ],
                "query_string": [],
                "source_ip": []
              }
            ],
            "id": "arn:aws:elasticloadbalancing:us-east-1:123456789012:listener-rule/app/b98c0594",
            "listener_arn": "arn:aws:elasticloadbalancing:us-east-1:123456789012:listener/app/5ebf96a5",
            "priority": 100,
            "region": "us-east-1",
            "tags": null,
            "tags_all": {},
            "transform": []
          },
          "sensitive_attributes": []
        }
      ]
    },
    {
      "mode": "managed",
      "type": "aws_lb_target_group",
      "name": "api",
      "provider": "provider[\"registry.terraform.io/hashicorp/aws\"]",
      "instances": [
        {
          "schema_version": 0,
          "attributes": {
            "arn": "arn:aws:elasticloadbalancing:us-east-1:123456789012:targetgroup/78982b9d",
            "arn_suffix": "83c50eaf1e8da2",
            "connection_termination": false,
            "deregistration_delay": "300",
            "health_check": [
              {
                "enabled": true,
                "healthy_threshold": 3,
                "interval": 30,
                "matcher": null,
                "path": "/api/healthz",
                "port": "traffic-port",
                "protocol": "HTTP",
                "timeout": null,
                "unhealthy_threshold": 3
              }
            ],
            "id": "arn:aws:elasticloadbalancing:us-east-1:123456789012:targetgroup/78982b9d",
            "ip_address_type": null,
            "lambda_multi_value_headers_enabled": false,
            "load_balancer_arns": [],
            "load_balancing_algorithm_type": null,
            "load_balancing_anomaly_mitigation": null,
            "load_balancing_cross_zone_enabled": null,
            "name": "estate-api",
            "name_prefix": null,
            "port": 8080,
            "preserve_client_ip": null,
            "protocol": "HTTP",
            "protocol_version": null,
            "proxy_protocol_v2": false,
            "region": "us-east-1",
            "slow_start": 0,
            "stickiness": [],
            "tags": {
              "Name": "estate-api"
            },
            "tags_all": {
              "Name": "estate-api"
            },
            "target_control_port": null,
            "target_failover": [],
            "target_group_health": [],
            "target_health_state": [],
            "target_type": "ip",
            "vpc_id": "vpc-0d727340b00ba37c7"
          },
          "sensitive_attributes": []
        }
      ]
    },
    {
      "mode": "managed",
      "type": "aws_lb_target_group",
      "name": "internal",
      "provider": "provider[\"registry.terraform.io/hashicorp/aws\"]",
      "instances": [
        {
          "schema_version": 0,
          "attributes": {
            "arn": "arn:aws:elasticloadbalancing:us-east-1:123456789012:targetgroup/a3260d2f",
            "arn_suffix": "f0e6d18e0eadac",
            "connection_termination": false,
            "deregistration_delay": "300",
            "health_check": [],
            "id": "arn:aws:elasticloadbalancing:us-east-1:123456789012:targetgroup/a3260d2f",
            "ip_address_type": null,
            "lambda_multi_value_headers_enabled": false,
            "load_balancer_arns": [],
            "load_balancing_algorithm_type": null,
            "load_balancing_anomaly_mitigation": null,
            "load_balancing_cross_zone_enabled": null,
            "name": "estate-internal",
            "name_prefix": null,
            "port": 5432,
            "preserve_client_ip": null,
            "protocol": "TCP",
            "protocol_version": null,
            "proxy_protocol_v2": false,
            "region": "us-east-1",
            "slow_start": 0,
            "stickiness": [],
            "tags": {
              "Name": "estate-internal"
            },
            "tags_all": {
              "Name": "estate-internal"
            },
            "target_control_port": null,
            "target_failover": [],
            "target_group_health": [],
            "target_health_state": [],
            "target_type": "ip",
            "vpc_id": "vpc-0d727340b00ba37c7"
          },
          "sensitive_attributes": []
        }
      ]
    },
    {
      "mode": "managed",
      "type": "aws_lb_target_group",
      "name": "worker",
      "provider": "provider[\"registry.terraform.io/hashicorp/aws\"]",
      "instances": [
        {
          "schema_version": 0,
          "attributes": {
            "arn": "arn:aws:elasticloadbalancing:us-east-1:123456789012:targetgroup/0729cca6",
            "arn_suffix": "0adcba3c8eb6ec",
            "connection_termination": false,
            "deregistration_delay": "300",
            "health_check": [
              {
                "enabled": true,
                "healthy_threshold": 3,
                "interval": 30,
                "matcher": null,
                "path": "/healthz",
                "port": "traffic-port",
                "protocol": "HTTP",
                "timeout": null,
                "unhealthy_threshold": 3
              }
            ],
            "id": "arn:aws:elasticloadbalancing:us-east-1:123456789012:targetgroup/0729cca6",
            "ip_address_type": null,
            "lambda_multi_value_headers_enabled": false,
            "load_balancer_arns": [],
            "load_balancing_algorithm_type": null,
            "load_balancing_anomaly_mitigation": null,
            "load_balancing_cross_zone_enabled": null,
            "name": "estate-worker",
            "name_prefix": null,
            "port": 8080,
            "preserve_client_ip": null,
            "protocol": "HTTP",
            "protocol_version": null,
            "proxy_protocol_v2": false,
            "region": "us-east-1",
            "slow_start": 0,
            "stickiness": [],
            "tags": {
              "Name": "estate-worker"
            },
            "tags_all": {
              "Name": "estate-worker"
            },
            "target_control_port": null,
            "target_failover": [],
            "target_group_health": [],
            "target_health_state": [],
            "target_type": "instance",
            "vpc_id": "vpc-0d727340b00ba37c7"
          },
          "sensitive_attributes": []
        }
      ]
    },
    {
      "mode": "managed",
      "type": "aws_nat_gateway",
      "name": "app",
      "provider": "provider[\"registry.terraform.io/hashicorp/aws\"]",
      "instances": [
        {
          "schema_version": 0,
          "attributes": {
            "allocation_id": "eipalloc-0fa28787d3dff6e23",
            "association_id": "e9f486f5dfa4a7",
            "auto_provision_zones": null,
            "auto_scaling_ips": null,
            "availability_mode": null,
            "availability_zone_address": [],
            "connectivity_type": "public",
            "id": "nat-04f9eccf8d0e7812d",
            "network_interface_id": "1137aad1eb2bae",
            "private_ip": null,
            "public_ip": null,
            "region": "us-east-1",
            "regional_nat_gateway_address": [],
            "regional_nat_gateway_auto_mode": null,
            "route_table_id": "aacec905b7fc17",
            "secondary_allocation_ids": [],
            "secondary_private_ip_address_count": 0,
            "secondary_private_ip_addresses": [],
            "subnet_id": "subnet-0c8de3fa67400178a",
            "tags": {
              "Name": "estate-app-us-east-1a"
            },
            "tags_all": {
              "Name": "estate-app-us-east-1a"
            },
            "timeouts": null,
            "vpc_id": "c4f52a216918e2"
          },
          "sensitive_attributes": [],
          "index_key": 0
        },
        {
          "schema_version": 0,
          "attributes": {
            "allocation_id": "eipalloc-0e3c7314cfd1e06a4",
            "association_id": "bc9ae7bea8519a",
            "auto_provision_zones": null,
            "auto_scaling_ips": null,
            "availability_mode": null,
            "availability_zone_address": [],
            "connectivity_type": "public",
            "id": "nat-0bd42c25eacd37dc6",
            "network_interface_id": "2e4677b6874a41",
            "private_ip": null,
            "public_ip": null,
            "region": "us-east-1",
            "regional_nat_gateway_address": [],
            "regional_nat_gateway_auto_mode": null,
            "route_table_id": "64e6f2f6f1cf14",
            "secondary_allocation_ids": [],
            "secondary_private_ip_address_count": 0,
            "secondary_private_ip_addresses": [],
            "subnet_id": "subnet-057e2d26fd8dc1046",
            "tags": {
              "Name": "estate-app-us-east-1b"
            },
            "tags_all": {
              "Name": "estate-app-us-east-1b"
            },
            "timeouts": null,
            "vpc_id": "c4065e607c194b"
          },
          "sensitive_attributes": [],
          "index_key": 1
        }
      ],
      "each": "list"
    },
    {
      "mode": "managed",
      "type": "aws_network_acl",
      "name": "app_private",
      "provider": "provider[\"registry.terraform.io/hashicorp/aws\"]",
      "instances": [
        {
          "schema_version": 0,
          "attributes": {
            "arn": "arn:aws:network:us-east-1:123456789012:network_acl/acl-09636ddb19eea0c5c",
            "egress": [],
            "id": "acl-09636ddb19eea0c5c",
            "ingress": [],
            "owner_id": "1d26f0c21c2f13",
            "region": "us-east-1",
            "subnet_ids": [
              "subnet-04e484eb0475311c8",
              "subnet-0e1f448daada6aa2b"
            ],
            "tags": {
              "Name": "estate-app-private"
            },
            "tags_all": {
              "Name": "estate-app-private"
            },
            "vpc_id": "vpc-0d727340b00ba37c7"
          },
          "sensitive_attributes": []
        }
      ]
    },
    {
      "mode": "managed",
      "type": "aws_rds_cluster",
      "name": "core",
      "provider": "provider[\"registry.terraform.io/hashicorp/aws\"]",
      "instances": [
        {
          "schema_version": 1,
          "attributes": {
            "allocated_storage": 0,
            "allow_major_version_upgrade": null,
            "apply_immediately": false,
            "arn": "arn:aws:rds:us-east-1:123456789012:rds_cluster/b4dd78f192a4749e0ad9",
            "auto_minor_version_upgrade": false,
            "availability_zones": [],
            "backtrack_window": null,
            "backup_retention_period": 0,
            "ca_certificate_identifier": null,
            "ca_certificate_valid_till": null,
            "cluster_identifier": "estate-core",
            "cluster_identifier_prefix": null,
            "cluster_members": [],
            "cluster_resource_id": "cbe5978f41e715",
            "cluster_scalability_type": null,
            "copy_tags_to_snapshot": false,
            "database_insights_mode": null,
            "database_name": "estate",
            "db_cluster_instance_class": null,
            "db_cluster_parameter_group_name": "c22ae837e6b47c",
            "db_instance_parameter_group_name": null,
            "db_subnet_group_name": "estate",
            "db_system_id": "f4eece63f157b2",
            "delete_automated_backups": true,
            "deletion_protection": null,
            "domain": null,
            "domain_iam_role_name": null,
            "enable_global_write_forwarding": false,
            "enable_http_endpoint": false,
            "enable_local_write_forwarding": false,
            "enabled_cloudwatch_logs_exports": null,
            "endpoint": "6525df6b6e5055",
            "engine": "aurora-postgresql",
            "engine_lifecycle_support": null,
            "engine_mode": "provisioned",
            "engine_version": null,
            "engine_version_actual": null,
            "final_snapshot_identifier": null,
            "global_cluster_identifier": null,
            "hosted_zone_id": "cecfae25cd9933",
            "iam_database_authentication_enabled": null,
            "iam_roles": [],
            "id": "b4dd78f192a4749e0ad9",
            "iops": null,
            "kms_key_id": "arn:aws:kms:us-east-1:123456789012:kms_key/b5d1c03d2e62e561bffe",
            "manage_master_user_password": true,
            "master_password": null,
            "master_password_wo": null,
            "master_password_wo_version": null,
            "master_user_secret": [],
            "master_user_secret_kms_key_id": "d54092a6f78ecd",
            "master_username": "estate",
            "monitoring_interval": 0,
            "monitoring_role_arn": "arn:aws:rds:us-east-1:123456789012:48cee231dac2",
            "network_type": null,
            "performance_insights_enabled": null,
            "performance_insights_kms_key_id": "ef1dc7576d05b7",
            "performance_insights_retention_period": 0,
            "port": 0,
            "preferred_backup_window": null,
            "preferred_maintenance_window": null,
            "reader_endpoint": "19fefbd07e27ae",
            "region": "us-east-1",
            "replication_source_identifier": null,
            "restore_to_point_in_time": [],
            "s3_import": [],
            "scaling_configuration": [],
            "serverlessv2_scaling_configuration": [],
            "skip_final_snapshot": true,
            "snapshot_identifier": null,
            "source_region": null,
            "storage_encrypted": true,
            "storage_type": null,
            "tags": {
              "Name": "estate-core"
            },
            "tags_all": {
              "Name": "estate-core"
            },
            "timeouts": null,
            "upgrade_rollout_order": null,
            "vpc_security_group_ids": [
              "sg-05dff8a3790b9c8bd"
            ]
          },
          "sensitive_attributes": []
        }
      ]
    },
    {
      "mode": "managed",
      "type": "aws_rds_cluster_instance",
      "name": "core",
      "provider": "provider[\"registry.terraform.io/hashicorp/aws\"]",
      "instances": [
        {
          "schema_version": 0,
          "attributes": {
            "apply_immediately": false,
            "arn": "arn:aws:rds:us-east-1:123456789012:rds_cluster_instance/512824698da7d61d02a7",
            "auto_minor_version_upgrade": true,
            "availability_zone": null,
            "ca_cert_identifier": null,
            "cluster_identifier": "b4dd78f192a4749e0ad9",
            "copy_tags_to_snapshot": false,
            "custom_iam_instance_profile": null,
            "db_parameter_group_name": "21beae8b41b82e",
            "db_subnet_group_name": "estate",
            "dbi_resource_id": "e0ea8b434a8774",
            "endpoint": "9a62cb5ae8153b",
            "engine": "aurora-postgresql",
            "engine_version": null,
            "engine_version_actual": null,
            "force_destroy": false,
            "id": "512824698da7d61d02a7",
            "identifier": "estate-core-0",
            "identifier_prefix": null,
            "instance_class": "db.t4g.medium",
            "kms_key_id": "0840bee4f3577a",
            "monitoring_interval": 0,
            "monitoring_role_arn": "arn:aws:rds:us-east-1:123456789012:fbb8d307a171",
            "network_type": null,
            "performance_insights_enabled": false,
            "performance_insights_kms_key_id": "2eaa79624c7e46",
            "performance_insights_retention_period": 0,
            "port": 0,
            "preferred_backup_window": null,
            "preferred_maintenance_window": null,
            "promotion_tier": 0,
            "publicly_accessible": false,
            "region": "us-east-1",
            "storage_encrypted": false,
            "tags": {
              "Name": "estate-core-0"
            },
            "tags_all": {
              "Name": "estate-core-0"
            },
            "timeouts": null,
            "writer": false
          },
          "sensitive_attributes": [],
          "index_key": 0
        },
        {
          "schema_version": 0,
          "attributes": {
            "apply_immediately": false,
            "arn": "arn:aws:rds:us-east-1:123456789012:rds_cluster_instance/c737e7088d71bee643b4",
            "auto_minor_version_upgrade": true,
            "availability_zone": null,
            "ca_cert_identifier": null,
            "cluster_identifier": "b4dd78f192a4749e0ad9",
            "copy_tags_to_snapshot": false,
            "custom_iam_instance_profile": null,
            "db_parameter_group_name": "1972260eaf5652",
            "db_subnet_group_name": "estate",
            "dbi_resource_id": "81e21c3142e72f",
            "endpoint": "28ae6b4fecfbdc",
            "engine": "aurora-postgresql",
            "engine_version": null,
            "engine_version_actual": null,
            "force_destroy": false,
            "id": "c737e7088d71bee643b4",
            "identifier": "estate-core-1",
            "identifier_prefix": null,
            "instance_class": "db.t4g.medium",
            "kms_key_id": "cdf2657851030b",
            "monitoring_interval": 0,
            "monitoring_role_arn": "arn:aws:rds:us-east-1:123456789012:e1524226dd72",
            "network_type": null,
            "performance_insights_enabled": false,
            "performance_insights_kms_key_id": "abac2983b0a8e2",
            "performance_insights_retention_period": 0,
            "port": 0,
            "preferred_backup_window": null,
            "preferred_maintenance_window": null,
            "promotion_tier": 0,
            "publicly_accessible": false,
            "region": "us-east-1",
            "storage_encrypted": false,
            "tags": {
              "Name": "estate-core-1"
            },
            "tags_all": {
              "Name": "estate-core-1"
            },
            "timeouts": null,
            "writer": false
          },
          "sensitive_attributes": [],
          "index_key": 1
        }
      ],
      "each": "list"
    },
    {
      "mode": "managed",
      "type": "aws_route",
      "name": "app_egress",
      "provider": "provider[\"registry.terraform.io/hashicorp/aws\"]",
      "instances": [
        {
          "schema_version": 0,
          "attributes": {
            "carrier_gateway_id": null,
            "core_network_arn": null,
            "destination_cidr_block": "0.0.0.0/0",
            "destination_ipv6_cidr_block": null,
            "destination_prefix_list_id": null,
            "egress_only_gateway_id": null,
            "gateway_id": null,
            "id": "5c63abe99e0b777ce417",
            "instance_id": "9e37bd915a27c5",
            "instance_owner_id": "2c109e8b1d93df",
            "local_gateway_id": null,
            "nat_gateway_id": "nat-04f9eccf8d0e7812d",
            "network_interface_id": "35be871df2511e",
            "odb_network_arn": null,
            "origin": null,
            "region": "us-east-1",
            "route_table_id": "rtb-01ec5a542a3ff4dc0",
            "state": null,
            "timeouts": null,
            "transit_gateway_id": null,
            "vpc_endpoint_id": null,
            "vpc_peering_connection_id": null
          },
          "sensitive_attributes": [],
          "index_key": 0
        },
        {
          "schema_version": 0,
          "attributes": {
            "carrier_gateway_id": null,
            "core_network_arn": null,
            "destination_cidr_block": "0.0.0.0/0",
            "destination_ipv6_cidr_block": null,
            "destination_prefix_list_id": null,
            "egress_only_gateway_id": null,
            "gateway_id": null,
            "id": "6eada2b41f0f1cceec90",
            "instance_id": "35153fce2666ce",
            "instance_owner_id": "a3208408348dd0",
            "local_gateway_id": null,
            "nat_gateway_id": "nat-0bd42c25eacd37dc6",
            "network_interface_id": "8fe84fdfa726ca",
            "odb_network_arn": null,
            "origin": null,
            "region": "us-east-1",
            "route_table_id": "rtb-099cd2925b18bf17d",
            "state": null,
            "timeouts": null,
            "transit_gateway_id": null,
            "vpc_endpoint_id": null,
            "vpc_peering_connection_id": null
          },
          "sensitive_attributes": [],
          "index_key": 1
        }
      ],
      "each": "list"
    },
    {
      "mode": "managed",
      "type": "aws_route",
      "name": "app_internet",
      "provider": "provider[\"registry.terraform.io/hashicorp/aws\"]",
      "instances": [
        {
          "schema_version": 0,
          "attributes": {
            "carrier_gateway_id": null,
            "core_network_arn": null,
            "destination_cidr_block": "0.0.0.0/0",
            "destination_ipv6_cidr_block": null,
            "destination_prefix_list_id": null,
            "egress_only_gateway_id": null,
            "gateway_id": "igw-024cc6666c26c5be7",
            "id": "682502ad466093073193",
            "instance_id": "0b7fd672e99c86",
            "instance_owner_id": "1bbd4c83d27f9e",
            "local_gateway_id": null,
            "nat_gateway_id": null,
            "network_interface_id": "b715f629b7c950",
            "odb_network_arn": null,
            "origin": null,
            "region": "us-east-1",
            "route_table_id": "rtb-0cd55e8227f0e64b4",
            "state": null,
            "timeouts": null,
            "transit_gateway_id": null,
            "vpc_endpoint_id": null,
            "vpc_peering_connection_id": null
          },
          "sensitive_attributes": []
        }
      ]
    },
    {
      "mode": "managed",
      "type": "aws_route",
      "name": "app_to_data",
      "provider": "provider[\"registry.terraform.io/hashicorp/aws\"]",
      "instances": [
        {
          "schema_version": 0,
          "attributes": {
            "carrier_gateway_id": null,
            "core_network_arn": null,
            "destination_cidr_block": "10.20.0.0/16",
            "destination_ipv6_cidr_block": null,
            "destination_prefix_list_id": null,
            "egress_only_gateway_id": null,
            "gateway_id": null,
            "id": "45285ea08b5d52730e18",
            "instance_id": "1206906c6bd423",
            "instance_owner_id": "4dc92b204192a0",
            "local_gateway_id": null,
            "nat_gateway_id": null,
            "network_interface_id": "b056d6652aea72",
            "odb_network_arn": null,
            "origin": null,
            "region": "us-east-1",
            "route_table_id": "rtb-01ec5a542a3ff4dc0",
            "state": null,
            "timeouts": null,
            "transit_gateway_id": "tgw-0712643add85e4d97",
            "vpc_endpoint_id": null,
            "vpc_peering_connection_id": null
          },
          "sensitive_attributes": [],
          "index_key": 0
        },
        {
          "schema_version": 0,
          "attributes": {
            "carrier_gateway_id": null,
            "core_network_arn": null,
            "destination_cidr_block": "10.20.0.0/16",
            "destination_ipv6_cidr_block": null,
            "destination_prefix_list_id": null,
            "egress_only_gateway_id": null,
            "gateway_id": null,
            "id": "a6ae5a2e092f83ce3318",
            "instance_id": "96bd29f0f88c68",
            "instance_owner_id": "e57e4a1db001e2",
            "local_gateway_id": null,
            "nat_gateway_id": null,
            "network_interface_id": "74359557d7f1f8",
            "odb_network_arn": null,
            "origin": null,
            "region": "us-east-1",
            "route_table_id": "rtb-099cd2925b18bf17d",
            "state": null,
            "timeouts": null,
            "transit_gateway_id": "tgw-0712643add85e4d97",
            "vpc_endpoint_id": null,
            "vpc_peering_connection_id": null
          },
          "sensitive_attributes": [],
          "index_key": 1
        }
      ],
      "each": "list"
    },
    {
      "mode": "managed",
      "type": "aws_route",
      "name": "data_to_app",
      "provider": "provider[\"registry.terraform.io/hashicorp/aws\"]",
      "instances": [
        {
          "schema_version": 0,
          "attributes": {
            "carrier_gateway_id": null,
            "core_network_arn": null,
            "destination_cidr_block": "10.10.0.0/16",
            "destination_ipv6_cidr_block": null,
            "destination_prefix_list_id": null,
            "egress_only_gateway_id": null,
            "gateway_id": null,
            "id": "7732a6c6fc42c81fe336",
            "instance_id": "680d2a8ac814a7",
            "instance_owner_id": "031b44e1386290",
            "local_gateway_id": null,
            "nat_gateway_id": null,
            "network_interface_id": "b2581d359200d9",
            "odb_network_arn": null,
            "origin": null,
            "region": "us-east-1",
            "route_table_id": "rtb-000319d7b5d0bae69",
            "state": null,
            "timeouts": null,
            "transit_gateway_id": "tgw-0712643add85e4d97",
            "vpc_endpoint_id": null,
            "vpc_peering_connection_id": null
          },
          "sensitive_attributes": []
        }
      ]
    },
    {
      "mode": "managed",
      "type": "aws_route53_record",
      "name": "apex",
      "provider": "provider[\"registry.terraform.io/hashicorp/aws\"]",
      "instances": [
        {
          "schema_version": 2,
          "attributes": {
            "alias": [
              {
                "evaluate_target_health": true,
                "name": "03ba6087176a6f",
                "zone_id": "eb6de171c75ee5"
              }
            ],
            "allow_overwrite": false,
            "cidr_routing_policy": [],
            "failover_routing_policy": [],
            "fqdn": null,
            "geolocation_routing_policy": [],
            "geoproximity_routing_policy": [],
            "health_check_id": null,
            "id": "c636aa118472766a2ed5",
            "latency_routing_policy": [],
            "multivalue_answer_routing_policy": null,
            "name": "estate.example.com",
            "records": null,
            "set_identifier": null,
            "timeouts": null,
            "ttl": null,
            "type": "A",
            "weighted_routing_policy": [],
            "zone_id": "d9208609cd4d1d"
          },
          "sensitive_attributes": []
        }
      ]
    },
    {
      "mode": "managed",
      "type": "aws_route53_record",
      "name": "db",
      "provider": "provider[\"registry.terraform.io/hashicorp/aws\"]",
      "instances": [
        {
          "schema_version": 2,
          "attributes": {
            "alias": [],
            "allow_overwrite": false,
            "cidr_routing_policy": [],
            "failover_routing_policy": [],
            "fqdn": null,
            "geolocation_routing_policy": [],
            "geoproximity_routing_policy": [],
            "health_check_id": null,
            "id": "2e87e9536f83c1b29347",
            "latency_routing_policy": [],
            "multivalue_answer_routing_policy": null,
            "name": "db.internal.estate.example.com",
            "records": [
              "6525df6b6e5055"
            ],
            "set_identifier": null,
            "timeouts": null,
            "ttl": 300,
            "type": "CNAME",
            "weighted_routing_policy": [],
            "zone_id": "a8688c9e62ab3b"
          },
          "sensitive_attributes": []
        }
      ]
    },
    {
      "mode": "managed",
      "type": "aws_route53_zone",
      "name": "internal",
      "provider": "provider[\"registry.terraform.io/hashicorp/aws\"]",
      "instances": [
        {
          "schema_version": 0,
          "attributes": {
            "arn": "arn:aws:route53:us-east-1:123456789012:route53_zone/12bae7186000ccdbe2b7",
            "comment": "Managed by Terraform",
            "delegation_set_id": null,
            "enable_accelerated_recovery": false,
            "force_destroy": false,
            "id": "12bae7186000ccdbe2b7",
            "name": "internal.estate.example.com",
            "name_servers": [],
            "primary_name_server": null,
            "tags": {
              "Name": "estate-internal"
            },
            "tags_all": {
              "Name": "estate-internal"
            },
            "timeouts": null,
            "vpc": [
              {
                "vpc_id": "vpc-0d727340b00ba37c7",
                "vpc_region": null
              }
            ],
            "zone_id": "a8688c9e62ab3b"
          },
          "sensitive_attributes": []
        }
      ]
    },
    {
      "mode": "managed",
      "type": "aws_route53_zone",
      "name": "public",
      "provider": "provider[\"registry.terraform.io/hashicorp/aws\"]",
      "instances": [
        {
          "schema_version": 0,
          "attributes": {
            "arn": "arn:aws:route53:us-east-1:123456789012:route53_zone/3ef29adc58f4d55e99e1",
            "comment": "Managed by Terraform",
            "delegation_set_id": null,
            "enable_accelerated_recovery": false,
            "force_destroy": false,
            "id": "3ef29adc58f4d55e99e1",
            "name": "estate.example.com",
            "name_servers": [],
            "primary_name_server": null,
            "tags": {
              "Name": "estate-public"
            },
            "tags_all": {
              "Name": "estate-public"
            },
            "timeouts": null,
            "vpc": [],
            "zone_id": "d9208609cd4d1d"
          },
          "sensitive_attributes": []
        }
      ]
    },
    {
      "mode": "managed",
      "type": "aws_route_table",
      "name": "app_private",
      "provider": "provider[\"registry.terraform.io/hashicorp/aws\"]",
      "instances": [
        {
          "schema_version": 0,
          "attributes": {
            "arn": "arn:aws:route:us-east-1:123456789012:route_table/rtb-01ec5a542a3ff4dc0",
            "id": "rtb-01ec5a542a3ff4dc0",
            "owner_id": "26f00addfd4cf0",
            "propagating_vgws": [],
            "region": "us-east-1",
            "route": [],
            "tags": {
              "Name": "estate-app-private-us-east-1a"
            },
            "tags_all": {
              "Name": "estate-app-private-us-east-1a"
            },
            "timeouts": null,
            "vpc_id": "vpc-0d727340b00ba37c7"
          },
          "sensitive_attributes": [],
          "index_key": 0
        },
        {
          "schema_version": 0,
          "attributes": {
            "arn": "arn:aws:route:us-east-1:123456789012:route_table/rtb-099cd2925b18bf17d",
            "id": "rtb-099cd2925b18bf17d",
            "owner_id": "4d70c359b69a5d",
            "propagating_vgws": [],
            "region": "us-east-1",
            "route": [],
            "tags": {
              "Name": "estate-app-private-us-east-1b"
            },
            "tags_all": {
              "Name": "estate-app-private-us-east-1b"
            },
            "timeouts": null,
            "vpc_id": "vpc-0d727340b00ba37c7"
          },
          "sensitive_attributes": [],
          "index_key": 1
        }
      ],
      "each": "list"
    },
    {
      "mode": "managed",
      "type": "aws_route_table",
      "name": "app_public",
      "provider": "provider[\"registry.terraform.io/hashicorp/aws\"]",
      "instances": [
        {
          "schema_version": 0,
          "attributes": {
            "arn": "arn:aws:route:us-east-1:123456789012:route_table/rtb-0cd55e8227f0e64b4",
            "id": "rtb-0cd55e8227f0e64b4",
            "owner_id": "94050f441a4162",
            "propagating_vgws": [],
            "region": "us-east-1",
            "route": [],
            "tags": {
              "Name": "estate-app-public"
            },
            "tags_all": {
              "Name": "estate-app-public"
            },
            "timeouts": null,
            "vpc_id": "vpc-0d727340b00ba37c7"
          },
          "sensitive_attributes": []
        }
      ]
    },
    {
      "mode": "managed",
      "type": "aws_route_table",
      "name": "data",
      "provider": "provider[\"registry.terraform.io/hashicorp/aws\"]",
      "instances": [
        {
          "schema_version": 0,
          "attributes": {
            "arn": "arn:aws:route:us-east-1:123456789012:route_table/rtb-000319d7b5d0bae69",
            "id": "rtb-000319d7b5d0bae69",
            "owner_id": "e8fcbec8f1b5df",
            "propagating_vgws": [],
            "region": "us-east-1",
            "route": [],
            "tags": {
              "Name": "estate-data"
            },
            "tags_all": {
              "Name": "estate-data"
            },
            "timeouts": null,
            "vpc_id": "vpc-034177ef24c4ac66e"
          },
          "sensitive_attributes": []
        }
      ]
    },
    {
      "mode": "managed",
      "type": "aws_route_table_association",
      "name": "app_private",
      "provider": "provider[\"registry.terraform.io/hashicorp/aws\"]",
      "instances": [
        {
          "schema_version": 0,
          "attributes": {
            "gateway_id": null,
            "id": "rtbassoc-0bc9586f5c8cc351e",
            "region": "us-east-1",
            "route_table_id": "rtb-01ec5a542a3ff4dc0",
            "subnet_id": "subnet-04e484eb0475311c8",
            "timeouts": null
          },
          "sensitive_attributes": [],
          "index_key": 0
        },
        {
          "schema_version": 0,
          "attributes": {
            "gateway_id": null,
            "id": "rtbassoc-0536e17f8c09f1a6c",
            "region": "us-east-1",
            "route_table_id": "rtb-099cd2925b18bf17d",
            "subnet_id": "subnet-0e1f448daada6aa2b",
            "timeouts": null
          },
          "sensitive_attributes": [],
          "index_key": 1
        }
      ],
      "each": "list"
    },
    {
      "mode": "managed",
      "type": "aws_route_table_association",
      "name": "app_public",
      "provider": "provider[\"registry.terraform.io/hashicorp/aws\"]",
      "instances": [
        {
          "schema_version": 0,
          "attributes": {
            "gateway_id": null,
            "id": "rtbassoc-0bb87a523b85cb726",
            "region": "us-east-1",
            "route_table_id": "rtb-0cd55e8227f0e64b4",
            "subnet_id": "subnet-0c8de3fa67400178a",
            "timeouts": null
          },
          "sensitive_attributes": [],
          "index_key": 0
        },
        {
          "schema_version": 0,
          "attributes": {
            "gateway_id": null,
            "id": "rtbassoc-00e9fca428732d923",
            "region": "us-east-1",
            "route_table_id": "rtb-0cd55e8227f0e64b4",
            "subnet_id": "subnet-057e2d26fd8dc1046",
            "timeouts": null
          },
          "sensitive_attributes": [],
          "index_key": 1
        }
      ],
      "each": "list"
    },
    {
      "mode": "managed",
      "type": "aws_route_table_association",
      "name": "data",
      "provider": "provider[\"registry.terraform.io/hashicorp/aws\"]",
      "instances": [
        {
          "schema_version": 0,
          "attributes": {
            "gateway_id": null,
            "id": "rtbassoc-0d385279f85910fd5",
            "region": "us-east-1",
            "route_table_id": "rtb-000319d7b5d0bae69",
            "subnet_id": "subnet-0faf97c7736988f3c",
            "timeouts": null
          },
          "sensitive_attributes": [],
          "index_key": 0
        },
        {
          "schema_version": 0,
          "attributes": {
            "gateway_id": null,
            "id": "rtbassoc-080fabbc00d434af9",
            "region": "us-east-1",
            "route_table_id": "rtb-000319d7b5d0bae69",
            "subnet_id": "subnet-0855b1ea6d058ca3d",
            "timeouts": null
          },
          "sensitive_attributes": [],
          "index_key": 1
        }
      ],
      "each": "list"
    },
    {
      "mode": "managed",
      "type": "aws_s3_bucket",
      "name": "assets",
      "provider": "provider[\"registry.terraform.io/hashicorp/aws\"]",
      "instances": [
        {
          "schema_version": 0,
          "attributes": {
            "acceleration_status": null,
            "acl": null,
            "arn": "arn:aws:s3:us-east-1:123456789012:s3_bucket/d9c5d089e30e490f8b30",
            "bucket": "estate-assets-example",
            "bucket_domain_name": "e1a6677fbc419c",
            "bucket_namespace": null,
            "bucket_prefix": null,
            "bucket_region": null,
            "bucket_regional_domain_name": "940c6431507b57",
            "cors_rule": [],
            "force_destroy": false,
            "grant": [],
            "hosted_zone_id": "b9dc18c307750c",
            "id": "d9c5d089e30e490f8b30",
            "lifecycle_rule": [],
            "logging": [],
            "object_lock_configuration": [],
            "object_lock_enabled": false,
            "policy": null,
            "region": "us-east-1",
            "replication_configuration": [],
            "request_payer": null,
            "server_side_encryption_configuration": [],
            "tags": {
              "Name": "estate-assets"
            },
            "tags_all": {
              "Name": "estate-assets"
            },
            "timeouts": null,
            "versioning": [],
            "website": [],
            "website_domain": null,
            "website_endpoint": "a500bae8a332a2"
          },
          "sensitive_attributes": []
        }
      ]
    },
    {
      "mode": "managed",
      "type": "aws_s3_bucket",
      "name": "audit",
      "provider": "provider[\"registry.terraform.io/hashicorp/aws\"]",
      "instances": [
        {
          "schema_version": 0,
          "attributes": {
            "acceleration_status": null,
            "acl": null,
            "arn": "arn:aws:s3:us-east-1:123456789012:s3_bucket/4d97af1ff7a8636595fa",
            "bucket": "estate-audit-example",
            "bucket_domain_name": "66f62635b7b745",
            "bucket_namespace": null,
            "bucket_prefix": null,
            "bucket_region": null,
            "bucket_regional_domain_name": "5d44954bdaeebc",
            "cors_rule": [],
            "force_destroy": false,
            "grant": [],
            "hosted_zone_id": "dea074841025e8",
            "id": "4d97af1ff7a8636595fa",
            "lifecycle_rule": [],
            "logging": [],
            "object_lock_configuration": [],
            "object_lock_enabled": false,
            "policy": null,
            "region": "us-east-1",
            "replication_configuration": [],
            "request_payer": null,
            "server_side_encryption_configuration": [],
            "tags": {
              "Name": "estate-audit"
            },
            "tags_all": {
              "Name": "estate-audit"
            },
            "timeouts": null,
            "versioning": [],
            "website": [],
            "website_domain": null,
            "website_endpoint": "d5932a7de08e85"
          },
          "sensitive_attributes": []
        }
      ]
    },
    {
      "mode": "managed",
      "type": "aws_s3_bucket_public_access_block",
      "name": "assets",
      "provider": "provider[\"registry.terraform.io/hashicorp/aws\"]",
      "instances": [
        {
          "schema_version": 0,
          "attributes": {
            "block_public_acls": true,
            "block_public_policy": true,
            "bucket": "d9c5d089e30e490f8b30",
            "id": "ff4e9a1eb35dee76a231",
            "ignore_public_acls": true,
            "region": "us-east-1",
            "restrict_public_buckets": true,
            "skip_destroy": null
          },
          "sensitive_attributes": []
        }
      ]
    },
    {
      "mode": "managed",
      "type": "aws_s3_bucket_server_side_encryption_configuration",
      "name": "assets",
      "provider": "provider[\"registry.terraform.io/hashicorp/aws\"]",
      "instances": [
        {
          "schema_version": 0,
          "attributes": {
            "bucket": "d9c5d089e30e490f8b30",
            "expected_bucket_owner": null,
            "id": "0ffee719c3a6bede9f4c",
            "region": "us-east-1",
            "rule": [
              {
                "apply_server_side_encryption_by_default": [
                  {
                    "kms_master_key_id": "arn:aws:kms:us-east-1:123456789012:kms_key/b5d1c03d2e62e561bffe",
                    "sse_algorithm": "aws:kms"
                  }
                ],
                "blocked_encryption_types": null,
                "bucket_key_enabled": null
              }
            ]
          },
          "sensitive_attributes": []
        }
      ]
    },
    {
      "mode": "managed",
      "type": "aws_s3_bucket_versioning",
      "name": "assets",
      "provider": "provider[\"registry.terraform.io/hashicorp/aws\"]",
      "instances": [
        {
          "schema_version": 0,
          "attributes": {
            "bucket": "d9c5d089e30e490f8b30",
            "expected_bucket_owner": null,
            "id": "038f1b784d77e0f0924f",
            "mfa": null,
            "region": "us-east-1",
            "versioning_configuration": [
              {
                "mfa_delete": null,
                "status": "Enabled"
              }
            ]
          },
          "sensitive_attributes": []
        }
      ]
    },
    {
      "mode": "managed",
      "type": "aws_secretsmanager_secret",
      "name": "api",
      "provider": "provider[\"registry.terraform.io/hashicorp/aws\"]",
      "instances": [
        {
          "schema_version": 0,
          "attributes": {
            "arn": "arn:aws:secretsmanager:us-east-1:123456789012:secretsmanager_secret/b5910f7afd73c023f37f",
            "description": null,
            "force_overwrite_replica_secret": false,
            "id": "b5910f7afd73c023f37f",
            "kms_key_id": "b5d1c03d2e62e561bffe",
            "name": "estate/api-token",
            "name_prefix": null,
            "policy": null,
            "recovery_window_in_days": 30,
            "region": "us-east-1",
            "replica": [],
            "tags": {
              "Name": "estate-api"
            },
            "tags_all": {
              "Name": "estate-api"
            },
            "type": null
          },
          "sensitive_attributes": []
        }
      ]
    },
    {
      "mode": "managed",
      "type": "aws_security_group",
      "name": "app",
      "provider": "provider[\"registry.terraform.io/hashicorp/aws\"]",
      "instances": [
        {
          "schema_version": 1,
          "attributes": {
            "arn": "arn:aws:security:us-east-1:123456789012:security_group/sg-0f4e14e106d7ef990",
            "description": "Application tier",
            "egress": [
              {
                "cidr_blocks": [
                  "0.0.0.0/0"
                ],
                "description": "",
                "from_port": 0,
                "ipv6_cidr_blocks": [],
                "prefix_list_ids": [],
                "protocol": "-1",
                "security_groups": [],
                "self": false,
                "to_port": 0
              }
            ],
            "id": "sg-0f4e14e106d7ef990",
            "ingress": [
              {
                "cidr_blocks": [],
                "description": "",
                "from_port": 8080,
                "ipv6_cidr_blocks": [],
                "prefix_list_ids": [],
                "protocol": "tcp",
                "security_groups": [
                  "sg-08ceb6078c7bc0c9f"
                ],
                "self": false,
                "to_port": 8080
              }
            ],
            "name": "estate-app",
            "name_prefix": null,
            "owner_id": "062b8ff9b3a024",
            "region": "us-east-1",
            "revoke_rules_on_delete": false,
            "tags": {
              "Name": "estate-app"
            },
            "tags_all": {
              "Name": "estate-app"
            },
            "timeouts": null,
            "vpc_id": "vpc-0d727340b00ba37c7"
          },
          "sensitive_attributes": []
        }
      ]
    },
    {
      "mode": "managed",
      "type": "aws_security_group",
      "name": "cache",
      "provider": "provider[\"registry.terraform.io/hashicorp/aws\"]",
      "instances": [
        {
          "schema_version": 1,
          "attributes": {
            "arn": "arn:aws:security:us-east-1:123456789012:security_group/sg-0e0e924001a60a21c",
            "description": "Redis",
            "egress": [],
            "id": "sg-0e0e924001a60a21c",
            "ingress": [
              {
                "cidr_blocks": [],
                "description": "",
                "from_port": 6379,
                "ipv6_cidr_blocks": [],
                "prefix_list_ids": [],
                "protocol": "tcp",
                "security_groups": [
                  "sg-0f4e14e106d7ef990"
                ],
                "self": false,
                "to_port": 6379
              }
            ],
            "name": "estate-cache",
            "name_prefix": null,
            "owner_id": "f86a06c400ebe0",
            "region": "us-east-1",
            "revoke_rules_on_delete": false,
            "tags": {
              "Name": "estate-cache"
            },
            "tags_all": {
              "Name": "estate-cache"
            },
            "timeouts": null,
            "vpc_id": "vpc-0d727340b00ba37c7"
          },
          "sensitive_attributes": []
        }
      ]
    },
    {
      "mode": "managed",
      "type": "aws_security_group",
      "name": "db",
      "provider": "provider[\"registry.terraform.io/hashicorp/aws\"]",
      "instances": [
        {
          "schema_version": 1,
          "attributes": {
            "arn": "arn:aws:security:us-east-1:123456789012:security_group/sg-05dff8a3790b9c8bd",
            "description": "Databases",
            "egress": [],
            "id": "sg-05dff8a3790b9c8bd",
            "ingress": [
              {
                "cidr_blocks": [
                  "10.10.0.0/16"
                ],
                "description": "",
                "from_port": 5432,
                "ipv6_cidr_blocks": [],
                "prefix_list_ids": [],
                "protocol": "tcp",
                "security_groups": [],
                "self": false,
                "to_port": 5432
              }
            ],
            "name": "estate-db",
            "name_prefix": null,
            "owner_id": "d23e43bf504670",
            "region": "us-east-1",
            "revoke_rules_on_delete": false,
            "tags": {
              "Name": "estate-db"
            },
            "tags_all": {
              "Name": "estate-db"
            },
            "timeouts": null,
            "vpc_id": "vpc-034177ef24c4ac66e"
          },
          "sensitive_attributes": []
        }
      ]
    },
    {
      "mode": "managed",
      "type": "aws_security_group",
      "name": "edge",
      "provider": "provider[\"registry.terraform.io/hashicorp/aws\"]",
      "instances": [
        {
          "schema_version": 1,
          "attributes": {
            "arn": "arn:aws:security:us-east-1:123456789012:security_group/sg-08ceb6078c7bc0c9f",
            "description": "Public ingress",
            "egress": [
              {
                "cidr_blocks": [
                  "0.0.0.0/0"
                ],
                "description": "",
                "from_port": 0,
                "ipv6_cidr_blocks": [],
                "prefix_list_ids": [],
                "protocol": "-1",
                "security_groups": [],
                "self": false,
                "to_port": 0
              }
            ],
            "id": "sg-08ceb6078c7bc0c9f",
            "ingress": [
              {
                "cidr_blocks": [
                  "0.0.0.0/0"
                ],
                "description": "",
                "from_port": 443,
                "ipv6_cidr_blocks": [],
                "prefix_list_ids": [],
                "protocol": "tcp",
                "security_groups": [],
                "self": false,
                "to_port": 443
              }
            ],
            "name": "estate-edge",
            "name_prefix": null,
            "owner_id": "b216ccad0d8894",
            "region": "us-east-1",
            "revoke_rules_on_delete": false,
            "tags": {
              "Name": "estate-edge"
            },
            "tags_all": {
              "Name": "estate-edge"
            },
            "timeouts": null,
            "vpc_id": "vpc-0d727340b00ba37c7"
          },
          "sensitive_attributes": []
        }
      ]
    },
    {
      "mode": "managed",
      "type": "aws_security_group",
      "name": "files",
      "provider": "provider[\"registry.terraform.io/hashicorp/aws\"]",
      "instances": [
        {
          "schema_version": 1,
          "attributes": {
            "arn": "arn:aws:security:us-east-1:123456789012:security_group/sg-0c9dae5f54acce97e",
            "description": "EFS",
            "egress": [],
            "id": "sg-0c9dae5f54acce97e",
            "ingress": [
              {
                "cidr_blocks": [],
                "description": "",
                "from_port": 2049,
                "ipv6_cidr_blocks": [],
                "prefix_list_ids": [],
                "protocol": "tcp",
                "security_groups": [
                  "sg-0f4e14e106d7ef990"
                ],
                "self": false,
                "to_port": 2049
              }
            ],
            "name": "estate-files",
            "name_prefix": null,
            "owner_id": "df461261db2cc7",
            "region": "us-east-1",
            "revoke_rules_on_delete": false,
            "tags": {
              "Name": "estate-files"
            },
            "tags_all": {
              "Name": "estate-files"
            },
            "timeouts": null,
            "vpc_id": "vpc-0d727340b00ba37c7"
          },
          "sensitive_attributes": []
        }
      ]
    },
    {
      "mode": "managed",
      "type": "aws_service_discovery_private_dns_namespace",
      "name": "internal",
      "provider": "provider[\"registry.terraform.io/hashicorp/aws\"]",
      "instances": [
        {
          "schema_version": 0,
          "attributes": {
            "arn": "arn:aws:service:us-east-1:123456789012:service_discovery_private_dns_namespace/54bca67fcba551ff0181",
            "description": null,
            "hosted_zone": null,
            "id": "54bca67fcba551ff0181",
            "name": "estate.internal",
            "region": "us-east-1",
            "tags": {
              "Name": "estate-internal"
            },
            "tags_all": {
              "Name": "estate-internal"
            },
            "vpc": "vpc-0d727340b00ba37c7"
          },
          "sensitive_attributes": []
        }
      ]
    },
    {
      "mode": "managed",
      "type": "aws_service_discovery_service",
      "name": "api",
      "provider": "provider[\"registry.terraform.io/hashicorp/aws\"]",
      "instances": [
        {
          "schema_version": 0,
          "attributes": {
            "arn": "arn:aws:service:us-east-1:123456789012:service_discovery_service/3bbbd908aa37bc290e3f",
            "description": null,
            "dns_config": [
              {
                "dns_records": [
                  {
                    "ttl": 60,
                    "type": "A"
                  }
                ],
                "namespace_id": "54bca67fcba551ff0181",
                "routing_policy": "MULTIVALUE"
              }
            ],
            "force_destroy": false,
            "health_check_config": [],
            "health_check_custom_config": [],
            "id": "3bbbd908aa37bc290e3f",
            "name": "api",
            "namespace_id": "36d0dbbf0c759f",
            "region": "us-east-1",
            "tags": {
              "Name": "estate-api"
            },
            "tags_all": {
              "Name": "estate-api"
            },
            "type": null
          },
          "sensitive_attributes": []
        }
      ]
    },
    {
      "mode": "managed",
      "type": "aws_sns_topic",
      "name": "alerts",
      "provider": "provider[\"registry.terraform.io/hashicorp/aws\"]",
      "instances": [
        {
          "schema_version": 0,
          "attributes": {
            "application_failure_feedback_role_arn": null,
            "application_success_feedback_role_arn": null,
            "application_success_feedback_sample_rate": null,
            "archive_policy": null,
            "arn": "arn:aws:sns:us-east-1:123456789012:sns_topic/40699631ce3bc244b93c",
            "beginning_archive_time": null,
            "content_based_deduplication": false,
            "delivery_policy": null,
            "display_name": null,
            "fifo_throughput_scope": null,
            "fifo_topic": false,
            "firehose_failure_feedback_role_arn": null,
            "firehose_success_feedback_role_arn": null,
            "firehose_success_feedback_sample_rate": null,
            "http_failure_feedback_role_arn": null,
            "http_success_feedback_role_arn": null,
            "http_success_feedback_sample_rate": null,
            "id": "40699631ce3bc244b93c",
            "kms_master_key_id": "b0932f40f6f1a1e14873",
            "lambda_failure_feedback_role_arn": null,
            "lambda_success_feedback_role_arn": null,
            "lambda_success_feedback_sample_rate": null,
            "name": "estate-alerts",
            "name_prefix": null,
            "owner": null,
            "policy": null,
            "region": "us-east-1",
            "signature_version": 0,
            "sqs_failure_feedback_role_arn": null,
            "sqs_success_feedback_role_arn": null,
            "sqs_success_feedback_sample_rate": null,
            "tags": {
              "Name": "estate-alerts"
            },
            "tags_all": {
              "Name": "estate-alerts"
            },
            "tracing_config": null
          },
          "sensitive_attributes": []
        }
      ]
    },
    {
      "mode": "managed",
      "type": "aws_sns_topic_subscription",
      "name": "jobs",
      "provider": "provider[\"registry.terraform.io/hashicorp/aws\"]",
      "instances": [
        {
          "schema_version": 0,
          "attributes": {
            "arn": "arn:aws:sns:us-east-1:123456789012:sns_topic_subscription/7231ca644877070d556c",
            "confirmation_timeout_in_minutes": 1,
            "confirmation_was_authenticated": false,
            "delivery_policy": null,
            "endpoint": "arn:aws:sqs:us-east-1:123456789012:sqs_queue/cd59efe71ab23c03ddcd",
            "endpoint_auto_confirms": false,
            "filter_policy": null,
            "filter_policy_scope": null,
            "id": "7231ca644877070d556c",
            "owner_id": "b2c1153d1c691b",
            "pending_confirmation": false,
            "protocol": "sqs",
            "raw_message_delivery": false,
            "redrive_policy": null,
            "region": "us-east-1",
            "replay_policy": null,
            "subscription_role_arn": null,
            "topic_arn": "arn:aws:sns:us-east-1:123456789012:sns_topic/40699631ce3bc244b93c"
          },
          "sensitive_attributes": []
        }
      ]
    },
    {
      "mode": "managed",
      "type": "aws_sqs_queue",
      "name": "jobs",
      "provider": "provider[\"registry.terraform.io/hashicorp/aws\"]",
      "instances": [
        {
          "schema_version": 0,
          "attributes": {
            "arn": "arn:aws:sqs:us-east-1:123456789012:sqs_queue/cd59efe71ab23c03ddcd",
            "content_based_deduplication": false,
            "deduplication_scope": null,
            "delay_seconds": 0,
            "fifo_queue": false,
            "fifo_throughput_limit": null,
            "id": "cd59efe71ab23c03ddcd",
            "kms_data_key_reuse_period_seconds": 0,
            "kms_master_key_id": "b5d1c03d2e62e561bffe",
            "max_message_size": 262144,
            "message_retention_seconds": 345600,
            "name": "estate-jobs",
            "name_prefix": null,
            "policy": null,
            "receive_wait_time_seconds": 0,
            "redrive_allow_policy": null,
            "redrive_policy": "{\"deadLetterTargetArn\":\"arn:aws:sqs:us-east-1:123456789012:sqs_queue/5055602cc9ce30831273\",\"maxReceiveCount\":5}",
            "region": "us-east-1",
            "sqs_managed_sse_enabled": false,
            "tags": {
              "Name": "estate-jobs"
            },
            "tags_all": {
              "Name": "estate-jobs"
            },
            "timeouts": null,
            "url": "9b712930779f2c",
            "visibility_timeout_seconds": 30
          },
          "sensitive_attributes": []
        }
      ]
    },
    {
      "mode": "managed",
      "type": "aws_sqs_queue",
      "name": "jobs_dead",
      "provider": "provider[\"registry.terraform.io/hashicorp/aws\"]",
      "instances": [
        {
          "schema_version": 0,
          "attributes": {
            "arn": "arn:aws:sqs:us-east-1:123456789012:sqs_queue/5055602cc9ce30831273",
            "content_based_deduplication": false,
            "deduplication_scope": null,
            "delay_seconds": 0,
            "fifo_queue": false,
            "fifo_throughput_limit": null,
            "id": "5055602cc9ce30831273",
            "kms_data_key_reuse_period_seconds": 0,
            "kms_master_key_id": "b5d1c03d2e62e561bffe",
            "max_message_size": 262144,
            "message_retention_seconds": 1209600,
            "name": "estate-jobs-dead",
            "name_prefix": null,
            "policy": null,
            "receive_wait_time_seconds": 0,
            "redrive_allow_policy": null,
            "redrive_policy": null,
            "region": "us-east-1",
            "sqs_managed_sse_enabled": false,
            "tags": {
              "Name": "estate-jobs-dead"
            },
            "tags_all": {
              "Name": "estate-jobs-dead"
            },
            "timeouts": null,
            "url": "db945c9b24c233",
            "visibility_timeout_seconds": 30
          },
          "sensitive_attributes": []
        }
      ]
    },
    {
      "mode": "managed",
      "type": "aws_ssm_parameter",
      "name": "endpoint",
      "provider": "provider[\"registry.terraform.io/hashicorp/aws\"]",
      "instances": [
        {
          "schema_version": 0,
          "attributes": {
            "allowed_pattern": null,
            "arn": "arn:aws:ssm:us-east-1:123456789012:ssm_parameter/14456faf75bad1cdfb11",
            "data_type": null,
            "description": null,
            "has_value_wo": false,
            "id": "14456faf75bad1cdfb11",
            "insecure_value": null,
            "key_id": "a656ace89a90e9",
            "name": "/estate/api/endpoint",
            "overwrite": null,
            "region": "us-east-1",
            "tags": {
              "Name": "estate-endpoint"
            },
            "tags_all": {
              "Name": "estate-endpoint"
            },
            "tier": null,
            "type": "String",
            "value": "https://estate.example.com",
            "value_wo": null,
            "value_wo_version": null,
            "version": 0
          },
          "sensitive_attributes": []
        }
      ]
    },
    {
      "mode": "managed",
      "type": "aws_subnet",
      "name": "app_private",
      "provider": "provider[\"registry.terraform.io/hashicorp/aws\"]",
      "instances": [
        {
          "schema_version": 1,
          "attributes": {
            "arn": "arn:aws:subnet:us-east-1:123456789012:subnet/subnet-04e484eb0475311c8",
            "assign_ipv6_address_on_creation": false,
            "availability_zone": "us-east-1a",
            "availability_zone_id": "6aa59bb24c388f",
            "cidr_block": "10.10.10.0/24",
            "customer_owned_ipv4_pool": null,
            "enable_dns64": false,
            "enable_lni_at_device_index": null,
            "enable_resource_name_dns_a_record_on_launch": false,
            "enable_resource_name_dns_aaaa_record_on_launch": false,
            "id": "subnet-04e484eb0475311c8",
            "ipv4_ipam_pool_id": null,
            "ipv4_netmask_length": null,
            "ipv6_cidr_block": null,
            "ipv6_cidr_block_association_id": "9ebdb8b60cd42e",
            "ipv6_ipam_pool_id": null,
            "ipv6_native": false,
            "ipv6_netmask_length": null,
            "map_customer_owned_ip_on_launch": null,
            "map_public_ip_on_launch": false,
            "outpost_arn": null,
            "owner_id": "3dc8e93ac31827",
            "private_dns_hostname_type_on_launch": null,
            "region": "us-east-1",
            "tags": {
              "Name": "estate-app-private-us-east-1a"
            },
            "tags_all": {
              "Name": "estate-app-private-us-east-1a"
            },
            "timeouts": null,
            "vpc_id": "vpc-0d727340b00ba37c7"
          },
          "sensitive_attributes": [],
          "index_key": 0
        },
        {
          "schema_version": 1,
          "attributes": {
            "arn": "arn:aws:subnet:us-east-1:123456789012:subnet/subnet-0e1f448daada6aa2b",
            "assign_ipv6_address_on_creation": false,
            "availability_zone": "us-east-1b",
            "availability_zone_id": "69e07b21c14435",
            "cidr_block": "10.10.11.0/24",
            "customer_owned_ipv4_pool": null,
            "enable_dns64": false,
            "enable_lni_at_device_index": null,
            "enable_resource_name_dns_a_record_on_launch": false,
            "enable_resource_name_dns_aaaa_record_on_launch": false,
            "id": "subnet-0e1f448daada6aa2b",
            "ipv4_ipam_pool_id": null,
            "ipv4_netmask_length": null,
            "ipv6_cidr_block": null,
            "ipv6_cidr_block_association_id": "bc581ec7324001",
            "ipv6_ipam_pool_id": null,
            "ipv6_native": false,
            "ipv6_netmask_length": null,
            "map_customer_owned_ip_on_launch": null,
            "map_public_ip_on_launch": false,
            "outpost_arn": null,
            "owner_id": "98836dadc19d78",
            "private_dns_hostname_type_on_launch": null,
            "region": "us-east-1",
            "tags": {
              "Name": "estate-app-private-us-east-1b"
            },
            "tags_all": {
              "Name": "estate-app-private-us-east-1b"
            },
            "timeouts": null,
            "vpc_id": "vpc-0d727340b00ba37c7"
          },
          "sensitive_attributes": [],
          "index_key": 1
        }
      ],
      "each": "list"
    },
    {
      "mode": "managed",
      "type": "aws_subnet",
      "name": "app_public",
      "provider": "provider[\"registry.terraform.io/hashicorp/aws\"]",
      "instances": [
        {
          "schema_version": 1,
          "attributes": {
            "arn": "arn:aws:subnet:us-east-1:123456789012:subnet/subnet-0c8de3fa67400178a",
            "assign_ipv6_address_on_creation": false,
            "availability_zone": "us-east-1a",
            "availability_zone_id": "5939bed5868e53",
            "cidr_block": "10.10.0.0/24",
            "customer_owned_ipv4_pool": null,
            "enable_dns64": false,
            "enable_lni_at_device_index": null,
            "enable_resource_name_dns_a_record_on_launch": false,
            "enable_resource_name_dns_aaaa_record_on_launch": false,
            "id": "subnet-0c8de3fa67400178a",
            "ipv4_ipam_pool_id": null,
            "ipv4_netmask_length": null,
            "ipv6_cidr_block": null,
            "ipv6_cidr_block_association_id": "41cf7af2448e4a",
            "ipv6_ipam_pool_id": null,
            "ipv6_native": false,
            "ipv6_netmask_length": null,
            "map_customer_owned_ip_on_launch": null,
            "map_public_ip_on_launch": true,
            "outpost_arn": null,
            "owner_id": "9b1ddd1ba23341",
            "private_dns_hostname_type_on_launch": null,
            "region": "us-east-1",
            "tags": {
              "Name": "estate-app-public-us-east-1a"
            },
            "tags_all": {
              "Name": "estate-app-public-us-east-1a"
            },
            "timeouts": null,
            "vpc_id": "vpc-0d727340b00ba37c7"
          },
          "sensitive_attributes": [],
          "index_key": 0
        },
        {
          "schema_version": 1,
          "attributes": {
            "arn": "arn:aws:subnet:us-east-1:123456789012:subnet/subnet-057e2d26fd8dc1046",
            "assign_ipv6_address_on_creation": false,
            "availability_zone": "us-east-1b",
            "availability_zone_id": "27eb4b23dc8e31",
            "cidr_block": "10.10.1.0/24",
            "customer_owned_ipv4_pool": null,
            "enable_dns64": false,
            "enable_lni_at_device_index": null,
            "enable_resource_name_dns_a_record_on_launch": false,
            "enable_resource_name_dns_aaaa_record_on_launch": false,
            "id": "subnet-057e2d26fd8dc1046",
            "ipv4_ipam_pool_id": null,
            "ipv4_netmask_length": null,
            "ipv6_cidr_block": null,
            "ipv6_cidr_block_association_id": "1a6a3de78ed02f",
            "ipv6_ipam_pool_id": null,
            "ipv6_native": false,
            "ipv6_netmask_length": null,
            "map_customer_owned_ip_on_launch": null,
            "map_public_ip_on_launch": true,
            "outpost_arn": null,
            "owner_id": "4eb1f9b3afdc5e",
            "private_dns_hostname_type_on_launch": null,
            "region": "us-east-1",
            "tags": {
              "Name": "estate-app-public-us-east-1b"
            },
            "tags_all": {
              "Name": "estate-app-public-us-east-1b"
            },
            "timeouts": null,
            "vpc_id": "vpc-0d727340b00ba37c7"
          },
          "sensitive_attributes": [],
          "index_key": 1
        }
      ],
      "each": "list"
    },
    {
      "mode": "managed",
      "type": "aws_subnet",
      "name": "data_private",
      "provider": "provider[\"registry.terraform.io/hashicorp/aws\"]",
      "instances": [
        {
          "schema_version": 1,
          "attributes": {
            "arn": "arn:aws:subnet:us-east-1:123456789012:subnet/subnet-0faf97c7736988f3c",
            "assign_ipv6_address_on_creation": false,
            "availability_zone": "us-east-1a",
            "availability_zone_id": "21dc4f00449835",
            "cidr_block": "10.20.0.0/24",
            "customer_owned_ipv4_pool": null,
            "enable_dns64": false,
            "enable_lni_at_device_index": null,
            "enable_resource_name_dns_a_record_on_launch": false,
            "enable_resource_name_dns_aaaa_record_on_launch": false,
            "id": "subnet-0faf97c7736988f3c",
            "ipv4_ipam_pool_id": null,
            "ipv4_netmask_length": null,
            "ipv6_cidr_block": null,
            "ipv6_cidr_block_association_id": "004c3d1c9edc9b",
            "ipv6_ipam_pool_id": null,
            "ipv6_native": false,
            "ipv6_netmask_length": null,
            "map_customer_owned_ip_on_launch": null,
            "map_public_ip_on_launch": false,
            "outpost_arn": null,
            "owner_id": "7152b26c9ebfdc",
            "private_dns_hostname_type_on_launch": null,
            "region": "us-east-1",
            "tags": {
              "Name": "estate-data-us-east-1a"
            },
            "tags_all": {
              "Name": "estate-data-us-east-1a"
            },
            "timeouts": null,
            "vpc_id": "vpc-034177ef24c4ac66e"
          },
          "sensitive_attributes": [],
          "index_key": 0
        },
        {
          "schema_version": 1,
          "attributes": {
            "arn": "arn:aws:subnet:us-east-1:123456789012:subnet/subnet-0855b1ea6d058ca3d",
            "assign_ipv6_address_on_creation": false,
            "availability_zone": "us-east-1b",
            "availability_zone_id": "bb9c7ff14bfb3d",
            "cidr_block": "10.20.1.0/24",
            "customer_owned_ipv4_pool": null,
            "enable_dns64": false,
            "enable_lni_at_device_index": null,
            "enable_resource_name_dns_a_record_on_launch": false,
            "enable_resource_name_dns_aaaa_record_on_launch": false,
            "id": "subnet-0855b1ea6d058ca3d",
            "ipv4_ipam_pool_id": null,
            "ipv4_netmask_length": null,
            "ipv6_cidr_block": null,
            "ipv6_cidr_block_association_id": "0fbe2de853455f",
            "ipv6_ipam_pool_id": null,
            "ipv6_native": false,
            "ipv6_netmask_length": null,
            "map_customer_owned_ip_on_launch": null,
            "map_public_ip_on_launch": false,
            "outpost_arn": null,
            "owner_id": "a5534755f27a83",
            "private_dns_hostname_type_on_launch": null,
            "region": "us-east-1",
            "tags": {
              "Name": "estate-data-us-east-1b"
            },
            "tags_all": {
              "Name": "estate-data-us-east-1b"
            },
            "timeouts": null,
            "vpc_id": "vpc-034177ef24c4ac66e"
          },
          "sensitive_attributes": [],
          "index_key": 1
        }
      ],
      "each": "list"
    },
    {
      "mode": "managed",
      "type": "aws_volume_attachment",
      "name": "app",
      "provider": "provider[\"registry.terraform.io/hashicorp/aws\"]",
      "instances": [
        {
          "schema_version": 0,
          "attributes": {
            "device_name": "/dev/sdf",
            "force_detach": null,
            "id": "89a9673cefc817425f59",
            "instance_id": "i-0b41118754fb8f173",
            "region": "us-east-1",
            "skip_destroy": null,
            "stop_instance_before_detaching": null,
            "timeouts": null,
            "volume_id": "vol-05bd16e6370ad3cd6"
          },
          "sensitive_attributes": [],
          "index_key": 0
        },
        {
          "schema_version": 0,
          "attributes": {
            "device_name": "/dev/sdf",
            "force_detach": null,
            "id": "602d5b4c57bf169b6a2d",
            "instance_id": "i-07b070df6318418ee",
            "region": "us-east-1",
            "skip_destroy": null,
            "stop_instance_before_detaching": null,
            "timeouts": null,
            "volume_id": "vol-07e24001e63f67727"
          },
          "sensitive_attributes": [],
          "index_key": 1
        }
      ],
      "each": "list"
    },
    {
      "mode": "managed",
      "type": "aws_vpc",
      "name": "app",
      "provider": "provider[\"registry.terraform.io/hashicorp/aws\"]",
      "instances": [
        {
          "schema_version": 1,
          "attributes": {
            "arn": "arn:aws:vpc:us-east-1:123456789012:vpc/vpc-0d727340b00ba37c7",
            "assign_generated_ipv6_cidr_block": null,
            "cidr_block": "10.10.0.0/16",
            "default_network_acl_id": "ef15a8145ac69c",
            "default_route_table_id": "49036b9d6d3557",
            "default_security_group_id": "a4fb0f3a18c84d",
            "dhcp_options_id": "a65c0cbbf95d63",
            "enable_dns_hostnames": true,
            "enable_dns_support": true,
            "enable_network_address_usage_metrics": false,
            "id": "vpc-0d727340b00ba37c7",
            "instance_tenancy": "default",
            "ipv4_ipam_pool_id": null,
            "ipv4_netmask_length": null,
            "ipv6_association_id": "8c310c5d2bf87a",
            "ipv6_cidr_block": null,
            "ipv6_cidr_block_network_border_group": null,
            "ipv6_ipam_pool_id": null,
            "ipv6_netmask_length": null,
            "main_route_table_id": "64fc77cfa6af72",
            "owner_id": "b7e1c2fd5a3c1b",
            "region": "us-east-1",
            "tags": {
              "Name": "estate-app"
            },
            "tags_all": {
              "Name": "estate-app"
            }
          },
          "sensitive_attributes": []
        }
      ]
    },
    {
      "mode": "managed",
      "type": "aws_vpc",
      "name": "data",
      "provider": "provider[\"registry.terraform.io/hashicorp/aws\"]",
      "instances": [
        {
          "schema_version": 1,
          "attributes": {
            "arn": "arn:aws:vpc:us-east-1:123456789012:vpc/vpc-034177ef24c4ac66e",
            "assign_generated_ipv6_cidr_block": null,
            "cidr_block": "10.20.0.0/16",
            "default_network_acl_id": "0e76f92ff2e55e",
            "default_route_table_id": "c20e59d234bbad",
            "default_security_group_id": "7e3bffe969c948",
            "dhcp_options_id": "20aaf347af6c9e",
            "enable_dns_hostnames": true,
            "enable_dns_support": true,
            "enable_network_address_usage_metrics": false,
            "id": "vpc-034177ef24c4ac66e",
            "instance_tenancy": "default",
            "ipv4_ipam_pool_id": null,
            "ipv4_netmask_length": null,
            "ipv6_association_id": "9a1c3523cf7262",
            "ipv6_cidr_block": null,
            "ipv6_cidr_block_network_border_group": null,
            "ipv6_ipam_pool_id": null,
            "ipv6_netmask_length": null,
            "main_route_table_id": "6b80fdeaaa66cf",
            "owner_id": "e8830e9bbabeae",
            "region": "us-east-1",
            "tags": {
              "Name": "estate-data"
            },
            "tags_all": {
              "Name": "estate-data"
            }
          },
          "sensitive_attributes": []
        }
      ]
    },
    {
      "mode": "managed",
      "type": "aws_vpc_endpoint",
      "name": "s3",
      "provider": "provider[\"registry.terraform.io/hashicorp/aws\"]",
      "instances": [
        {
          "schema_version": 0,
          "attributes": {
            "arn": "arn:aws:vpc:us-east-1:123456789012:vpc_endpoint/vpce-0da3874b3e851419a",
            "auto_accept": null,
            "cidr_blocks": [],
            "dns_entry": [],
            "dns_options": [],
            "id": "vpce-0da3874b3e851419a",
            "ip_address_type": null,
            "network_interface_ids": [],
            "owner_id": "b3dade9493720e",
            "policy": null,
            "prefix_list_id": "c8ad23f936e73c",
            "private_dns_enabled": false,
            "region": "us-east-1",
            "requester_managed": false,
            "resource_configuration_arn": null,
            "route_table_ids": [
              "rtb-01ec5a542a3ff4dc0",
              "rtb-099cd2925b18bf17d"
            ],
            "security_group_ids": [],
            "service_name": "com.amazonaws.us-east-1.s3",
            "service_network_arn": null,
            "service_region": null,
            "state": null,
            "subnet_configuration": [],
            "subnet_ids": [],
            "tags": {
              "Name": "estate-s3"
            },
            "tags_all": {
              "Name": "estate-s3"
            },
            "timeouts": null,
            "vpc_endpoint_type": "Gateway",
            "vpc_id": "vpc-0d727340b00ba37c7"
          },
          "sensitive_attributes": []
        }
      ]
    }
  ]
}
