{
  "version": 4,
  "terraform_version": "1.14.4",
  "serial": 1,
  "lineage": "00000000-0000-4000-8000-000000000000",
  "outputs": {},
  "resources": [
    {
      "mode": "managed",
      "type": "aws_db_subnet_group",
      "name": "main",
      "provider": "provider[\"registry.terraform.io/hashicorp/aws\"]",
      "instances": [
        {
          "schema_version": 0,
          "attributes": {
            "arn": "arn:aws:db:us-east-1:123456789012:db_subnet_group/a543d249d3c8f715a8c3",
            "description": "Managed by Terraform",
            "id": "a543d249d3c8f715a8c3",
            "name": "platform",
            "name_prefix": "",
            "region": "us-east-1",
            "subnet_ids": [
              "subnet-086be67fc004d8bd0",
              "subnet-0aee85bfb197b5c1a"
            ],
            "supported_network_types": [],
            "tags": {
              "Name": "platform"
            },
            "tags_all": {
              "Name": "platform"
            },
            "vpc_id": ""
          },
          "sensitive_attributes": []
        }
      ]
    },
    {
      "mode": "managed",
      "type": "aws_eip",
      "name": "nat",
      "provider": "provider[\"registry.terraform.io/hashicorp/aws\"]",
      "instances": [
        {
          "schema_version": 0,
          "attributes": {
            "address": null,
            "allocation_id": "eipalloc-0feb6b07af46a4b8f",
            "arn": "arn:aws:eip:us-east-1:123456789012:eip/eipalloc-0feb6b07af46a4b8f",
            "associate_with_private_ip": null,
            "association_id": "",
            "carrier_ip": "",
            "customer_owned_ip": "",
            "customer_owned_ipv4_pool": null,
            "domain": "vpc",
            "id": "eipalloc-0feb6b07af46a4b8f",
            "instance": "",
            "ipam_pool_id": "",
            "network_border_group": "",
            "network_interface": "",
            "private_dns": "",
            "private_ip": "",
            "ptr_record": "",
            "public_dns": "",
            "public_ip": "",
            "public_ipv4_pool": "",
            "region": "us-east-1",
            "tags": {
              "Name": "platform-nat-us-east-1a"
            },
            "tags_all": {
              "Name": "platform-nat-us-east-1a"
            },
            "timeouts": null
          },
          "sensitive_attributes": [],
          "index_key": 0
        },
        {
          "schema_version": 0,
          "attributes": {
            "address": null,
            "allocation_id": "eipalloc-07f3d1ad5835d56ca",
            "arn": "arn:aws:eip:us-east-1:123456789012:eip/eipalloc-07f3d1ad5835d56ca",
            "associate_with_private_ip": null,
            "association_id": "",
            "carrier_ip": "",
            "customer_owned_ip": "",
            "customer_owned_ipv4_pool": null,
            "domain": "vpc",
            "id": "eipalloc-07f3d1ad5835d56ca",
            "instance": "",
            "ipam_pool_id": "",
            "network_border_group": "",
            "network_interface": "",
            "private_dns": "",
            "private_ip": "",
            "ptr_record": "",
            "public_dns": "",
            "public_ip": "",
            "public_ipv4_pool": "",
            "region": "us-east-1",
            "tags": {
              "Name": "platform-nat-us-east-1b"
            },
            "tags_all": {
              "Name": "platform-nat-us-east-1b"
            },
            "timeouts": null
          },
          "sensitive_attributes": [],
          "index_key": 1
        }
      ],
      "each": "list"
    },
    {
      "mode": "managed",
      "type": "aws_iam_role",
      "name": "app",
      "provider": "provider[\"registry.terraform.io/hashicorp/aws\"]",
      "instances": [
        {
          "schema_version": 0,
          "attributes": {
            "arn": "arn:aws:iam:us-east-1:123456789012:iam_role/0488ca2472095c375e71",
            "assume_role_policy": "{\"Statement\":[{\"Action\":\"sts:AssumeRole\",\"Effect\":\"Allow\",\"Principal\":{\"Service\":\"ec2.amazonaws.com\"}}],\"Version\":\"2012-10-17\"}",
            "create_date": "",
            "description": null,
            "force_detach_policies": false,
            "id": "0488ca2472095c375e71",
            "inline_policy": [],
            "managed_policy_arns": [],
            "max_session_duration": 3600,
            "name": "platform-app",
            "name_prefix": "",
            "path": "/",
            "permissions_boundary": null,
            "tags": {
              "Name": "platform-app"
            },
            "tags_all": {
              "Name": "platform-app"
            },
            "unique_id": ""
          },
          "sensitive_attributes": []
        }
      ]
    },
    {
      "mode": "managed",
      "type": "aws_instance",
      "name": "api",
      "provider": "provider[\"registry.terraform.io/hashicorp/aws\"]",
      "instances": [
        {
          "schema_version": 2,
          "attributes": {
            "ami": "ami-0c101f26f147fa7fd",
            "arn": "arn:aws:instance:us-east-1:123456789012:instance/i-0be5f5f86459e8b1f",
            "associate_public_ip_address": false,
            "availability_zone": "",
            "capacity_reservation_specification": [],
            "cpu_options": [],
            "credit_specification": [],
            "disable_api_stop": false,
            "disable_api_termination": false,
            "ebs_block_device": [],
            "ebs_optimized": false,
            "enable_primary_ipv6": false,
            "enclave_options": [],
            "ephemeral_block_device": [],
            "force_destroy": false,
            "get_password_data": false,
            "hibernation": null,
            "host_id": "",
            "host_resource_group_arn": "",
            "iam_instance_profile": "",
            "id": "i-0be5f5f86459e8b1f",
            "instance_initiated_shutdown_behavior": "",
            "instance_lifecycle": "",
            "instance_market_options": [],
            "instance_state": "",
            "instance_type": "t3.small",
            "ipv6_address_count": 0,
            "ipv6_addresses": [],
            "key_name": "",
            "launch_template": [],
            "maintenance_options": [],
            "metadata_options": [],
            "monitoring": false,
            "network_interface": [],
            "outpost_arn": "",
            "password_data": "",
            "placement_group": "",
            "placement_group_id": "",
            "placement_partition_number": 0,
            "primary_network_interface": [],
            "primary_network_interface_id": "",
            "private_dns": "",
            "private_dns_name_options": [],
            "private_ip": "",
            "public_dns": "",
            "public_ip": "",
            "region": "us-east-1",
            "root_block_device": [],
            "secondary_network_interface": [],
            "secondary_private_ips": [],
            "security_groups": [],
            "source_dest_check": true,
            "spot_instance_request_id": "",
            "subnet_id": "subnet-0aee85bfb197b5c1a",
            "tags": {
              "Name": "platform-api"
            },
            "tags_all": {
              "Name": "platform-api"
            },
            "tenancy": "",
            "timeouts": null,
            "user_data": null,
            "user_data_base64": "",
            "user_data_replace_on_change": false,
            "volume_tags": null,
            "vpc_security_group_ids": [
              "sg-0f4e14e106d7ef990"
            ]
          },
          "sensitive_attributes": []
        }
      ]
    },
    {
      "mode": "managed",
      "type": "aws_instance",
      "name": "web",
      "provider": "provider[\"registry.terraform.io/hashicorp/aws\"]",
      "instances": [
        {
          "schema_version": 2,
          "attributes": {
            "ami": "ami-0c101f26f147fa7fd",
            "arn": "arn:aws:instance:us-east-1:123456789012:instance/i-0249bf2d3e7bbdadb",
            "associate_public_ip_address": false,
            "availability_zone": "",
            "capacity_reservation_specification": [],
            "cpu_options": [],
            "credit_specification": [],
            "disable_api_stop": false,
            "disable_api_termination": false,
            "ebs_block_device": [],
            "ebs_optimized": false,
            "enable_primary_ipv6": false,
            "enclave_options": [],
            "ephemeral_block_device": [],
            "force_destroy": false,
            "get_password_data": false,
            "hibernation": null,
            "host_id": "",
            "host_resource_group_arn": "",
            "iam_instance_profile": "",
            "id": "i-0249bf2d3e7bbdadb",
            "instance_initiated_shutdown_behavior": "",
            "instance_lifecycle": "",
            "instance_market_options": [],
            "instance_state": "",
            "instance_type": "t3.small",
            "ipv6_address_count": 0,
            "ipv6_addresses": [],
            "key_name": "",
            "launch_template": [],
            "maintenance_options": [],
            "metadata_options": [],
            "monitoring": false,
            "network_interface": [],
            "outpost_arn": "",
            "password_data": "",
            "placement_group": "",
            "placement_group_id": "",
            "placement_partition_number": 0,
            "primary_network_interface": [],
            "primary_network_interface_id": "",
            "private_dns": "",
            "private_dns_name_options": [],
            "private_ip": "",
            "public_dns": "",
            "public_ip": "",
            "region": "us-east-1",
            "root_block_device": [],
            "secondary_network_interface": [],
            "secondary_private_ips": [],
            "security_groups": [],
            "source_dest_check": true,
            "spot_instance_request_id": "",
            "subnet_id": "subnet-0aee85bfb197b5c1a",
            "tags": {
              "Name": "platform-web-us-east-1a"
            },
            "tags_all": {
              "Name": "platform-web-us-east-1a"
            },
            "tenancy": "",
            "timeouts": null,
            "user_data": null,
            "user_data_base64": "",
            "user_data_replace_on_change": false,
            "volume_tags": null,
            "vpc_security_group_ids": [
              "sg-0f4e14e106d7ef990"
            ]
          },
          "sensitive_attributes": [],
          "index_key": 0
        },
        {
          "schema_version": 2,
          "attributes": {
            "ami": "ami-0c101f26f147fa7fd",
            "arn": "arn:aws:instance:us-east-1:123456789012:instance/i-033c6384d472b70bd",
            "associate_public_ip_address": false,
            "availability_zone": "",
            "capacity_reservation_specification": [],
            "cpu_options": [],
            "credit_specification": [],
            "disable_api_stop": false,
            "disable_api_termination": false,
            "ebs_block_device": [],
            "ebs_optimized": false,
            "enable_primary_ipv6": false,
            "enclave_options": [],
            "ephemeral_block_device": [],
            "force_destroy": false,
            "get_password_data": false,
            "hibernation": null,
            "host_id": "",
            "host_resource_group_arn": "",
            "iam_instance_profile": "",
            "id": "i-033c6384d472b70bd",
            "instance_initiated_shutdown_behavior": "",
            "instance_lifecycle": "",
            "instance_market_options": [],
            "instance_state": "",
            "instance_type": "t3.small",
            "ipv6_address_count": 0,
            "ipv6_addresses": [],
            "key_name": "",
            "launch_template": [],
            "maintenance_options": [],
            "metadata_options": [],
            "monitoring": false,
            "network_interface": [],
            "outpost_arn": "",
            "password_data": "",
            "placement_group": "",
            "placement_group_id": "",
            "placement_partition_number": 0,
            "primary_network_interface": [],
            "primary_network_interface_id": "",
            "private_dns": "",
            "private_dns_name_options": [],
            "private_ip": "",
            "public_dns": "",
            "public_ip": "",
            "region": "us-east-1",
            "root_block_device": [],
            "secondary_network_interface": [],
            "secondary_private_ips": [],
            "security_groups": [],
            "source_dest_check": true,
            "spot_instance_request_id": "",
            "subnet_id": "subnet-086be67fc004d8bd0",
            "tags": {
              "Name": "platform-web-us-east-1b"
            },
            "tags_all": {
              "Name": "platform-web-us-east-1b"
            },
            "tenancy": "",
            "timeouts": null,
            "user_data": null,
            "user_data_base64": "",
            "user_data_replace_on_change": false,
            "volume_tags": null,
            "vpc_security_group_ids": [
              "sg-0f4e14e106d7ef990"
            ]
          },
          "sensitive_attributes": [],
          "index_key": 1
        }
      ],
      "each": "list"
    },
    {
      "mode": "managed",
      "type": "aws_internet_gateway",
      "name": "main",
      "provider": "provider[\"registry.terraform.io/hashicorp/aws\"]",
      "instances": [
        {
          "schema_version": 0,
          "attributes": {
            "arn": "arn:aws:internet:us-east-1:123456789012:internet_gateway/igw-079eb152af17cba2d",
            "id": "igw-079eb152af17cba2d",
            "owner_id": "",
            "region": "us-east-1",
            "tags": {
              "Name": "platform-igw"
            },
            "tags_all": {
              "Name": "platform-igw"
            },
            "timeouts": null,
            "vpc_id": "vpc-0ec67d780682f42d7"
          },
          "sensitive_attributes": []
        }
      ]
    },
    {
      "mode": "managed",
      "type": "aws_lb",
      "name": "app",
      "provider": "provider[\"registry.terraform.io/hashicorp/aws\"]",
      "instances": [
        {
          "schema_version": 0,
          "attributes": {
            "access_logs": [],
            "arn": "arn:aws:elasticloadbalancing:us-east-1:123456789012:loadbalancer/app/3101b9fb",
            "arn_suffix": "",
            "client_keep_alive": 3600,
            "connection_logs": [],
            "customer_owned_ipv4_pool": null,
            "desync_mitigation_mode": "defensive",
            "dns_name": "",
            "dns_record_client_routing_policy": null,
            "drop_invalid_header_fields": false,
            "enable_cross_zone_load_balancing": null,
            "enable_deletion_protection": false,
            "enable_http2": true,
            "enable_prefix_for_ipv6_source_nat": "",
            "enable_tls_version_and_cipher_suite_headers": false,
            "enable_waf_fail_open": false,
            "enable_xff_client_port": false,
            "enable_zonal_shift": false,
            "enforce_security_group_inbound_rules_on_private_link_traffic": "",
            "health_check_logs": [],
            "id": "arn:aws:elasticloadbalancing:us-east-1:123456789012:loadbalancer/app/3101b9fb",
            "idle_timeout": 60,
            "internal": false,
            "ip_address_type": "",
            "ipam_pools": [],
            "load_balancer_type": "application",
            "minimum_load_balancer_capacity": [],
            "name": "platform-alb",
            "name_prefix": "",
            "preserve_host_header": false,
            "region": "us-east-1",
            "secondary_ips_auto_assigned_per_subnet": 0,
            "security_groups": [
              "sg-01d5b59135d60c2bc"
            ],
            "subnet_mapping": [],
            "subnets": [
              "subnet-066309a24571d0ba7",
              "subnet-0e6c8224c12026f37"
            ],
            "tags": {
              "Name": "platform"
            },
            "tags_all": {
              "Name": "platform"
            },
            "timeouts": null,
            "vpc_id": "",
            "xff_header_processing_mode": "append",
            "zone_id": ""
          },
          "sensitive_attributes": []
        }
      ]
    },
    {
      "mode": "managed",
      "type": "aws_lb_listener",
      "name": "http",
      "provider": "provider[\"registry.terraform.io/hashicorp/aws\"]",
      "instances": [
        {
          "schema_version": 0,
          "attributes": {
            "alpn_policy": null,
            "arn": "arn:aws:elasticloadbalancing:us-east-1:123456789012:listener/app/881647ef",
            "certificate_arn": null,
            "default_action": [
              {
                "authenticate_cognito": [],
                "authenticate_oidc": [],
                "fixed_response": [],
                "forward": [],
                "jwt_validation": [],
                "order": 0,
                "redirect": [],
                "target_group_arn": "arn:aws:elasticloadbalancing:us-east-1:123456789012:targetgroup/e79246d0",
                "type": "forward"
              }
            ],
            "id": "arn:aws:elasticloadbalancing:us-east-1:123456789012:listener/app/881647ef",
            "load_balancer_arn": "arn:aws:elasticloadbalancing:us-east-1:123456789012:loadbalancer/app/3101b9fb",
            "mutual_authentication": [],
            "port": 80,
            "protocol": "HTTP",
            "region": "us-east-1",
            "routing_http_request_x_amzn_mtls_clientcert_header_name": "",
            "routing_http_request_x_amzn_mtls_clientcert_issuer_header_name": "",
            "routing_http_request_x_amzn_mtls_clientcert_leaf_header_name": "",
            "routing_http_request_x_amzn_mtls_clientcert_serial_number_header_name": "",
            "routing_http_request_x_amzn_mtls_clientcert_subject_header_name": "",
            "routing_http_request_x_amzn_mtls_clientcert_validity_header_name": "",
            "routing_http_request_x_amzn_tls_cipher_suite_header_name": "",
            "routing_http_request_x_amzn_tls_version_header_name": "",
            "routing_http_response_access_control_allow_credentials_header_value": "",
            "routing_http_response_access_control_allow_headers_header_value": "",
            "routing_http_response_access_control_allow_methods_header_value": "",
            "routing_http_response_access_control_allow_origin_header_value": "",
            "routing_http_response_access_control_expose_headers_header_value": "",
            "routing_http_response_access_control_max_age_header_value": "",
            "routing_http_response_content_security_policy_header_value": "",
            "routing_http_response_server_enabled": false,
            "routing_http_response_strict_transport_security_header_value": "",
            "routing_http_response_x_content_type_options_header_value": "",
            "routing_http_response_x_frame_options_header_value": "",
            "ssl_policy": "",
            "tags": null,
            "tags_all": {},
            "tcp_idle_timeout_seconds": 0,
            "timeouts": null
          },
          "sensitive_attributes": []
        }
      ]
    },
    {
      "mode": "managed",
      "type": "aws_lb_listener_rule",
      "name": "api",
      "provider": "provider[\"registry.terraform.io/hashicorp/aws\"]",
      "instances": [
        {
          "schema_version": 0,
          "attributes": {
            "action": [
              {
                "authenticate_cognito": [],
                "authenticate_oidc": [],
                "fixed_response": [],
                "forward": [],
                "jwt_validation": [],
                "order": null,
                "redirect": [],
                "target_group_arn": "arn:aws:elasticloadbalancing:us-east-1:123456789012:targetgroup/78982b9d",
                "type": "forward"
              }
            ],
            "arn": "arn:aws:elasticloadbalancing:us-east-1:123456789012:listener-rule/app/b98c0594",
            "condition": [
              {
                "host_header": [],
                "http_header": [],
                "http_request_method": [],
                "path_pattern": [
                  {
                    "regex_values": [],
                    "values": [
                      "/api/*"
                    ]
                  }
                ],
                "query_string": [],
                "source_ip": []
              }
            ],
            "id": "arn:aws:elasticloadbalancing:us-east-1:123456789012:listener-rule/app/b98c0594",
            "listener_arn": "arn:aws:elasticloadbalancing:us-east-1:123456789012:listener/app/881647ef",
            "priority": 100,
            "region": "us-east-1",
            "tags": null,
            "tags_all": {},
            "transform": []
          },
          "sensitive_attributes": []
        }
      ]
    },
    {
      "mode": "managed",
      "type": "aws_lb_target_group",
      "name": "api",
      "provider": "provider[\"registry.terraform.io/hashicorp/aws\"]",
      "instances": [
        {
          "schema_version": 0,
          "attributes": {
            "arn": "arn:aws:elasticloadbalancing:us-east-1:123456789012:targetgroup/78982b9d",
            "arn_suffix": "",
            "connection_termination": false,
            "deregistration_delay": "300",
            "health_check": [
              {
                "enabled": true,
                "healthy_threshold": 3,
                "interval": 30,
                "matcher": null,
                "path": "/api/healthz",
                "port": "traffic-port",
                "protocol": "HTTP",
                "timeout": null,
                "unhealthy_threshold": 3
              }
            ],
            "id": "arn:aws:elasticloadbalancing:us-east-1:123456789012:targetgroup/78982b9d",
            "ip_address_type": "",
            "lambda_multi_value_headers_enabled": false,
            "load_balancer_arns": [],
            "load_balancing_algorithm_type": "",
            "load_balancing_anomaly_mitigation": "",
            "load_balancing_cross_zone_enabled": "",
            "name": "platform-api",
            "name_prefix": "",
            "port": 8080,
            "preserve_client_ip": "",
            "protocol": "HTTP",
            "protocol_version": "",
            "proxy_protocol_v2": false,
            "region": "us-east-1",
            "slow_start": 0,
            "stickiness": [],
            "tags": {
              "Name": "platform-api"
            },
            "tags_all": {
              "Name": "platform-api"
            },
            "target_control_port": null,
            "target_failover": [],
            "target_group_health": [],
            "target_health_state": [],
            "target_type": "instance",
            "vpc_id": "vpc-0ec67d780682f42d7"
          },
          "sensitive_attributes": []
        }
      ]
    },
    {
      "mode": "managed",
      "type": "aws_lb_target_group",
      "name": "web",
      "provider": "provider[\"registry.terraform.io/hashicorp/aws\"]",
      "instances": [
        {
          "schema_version": 0,
          "attributes": {
            "arn": "arn:aws:elasticloadbalancing:us-east-1:123456789012:targetgroup/e79246d0",
            "arn_suffix": "",
            "connection_termination": false,
            "deregistration_delay": "300",
            "health_check": [
              {
                "enabled": true,
                "healthy_threshold": 3,
                "interval": 30,
                "matcher": null,
                "path": "/healthz",
                "port": "traffic-port",
                "protocol": "HTTP",
                "timeout": null,
                "unhealthy_threshold": 3
              }
            ],
            "id": "arn:aws:elasticloadbalancing:us-east-1:123456789012:targetgroup/e79246d0",
            "ip_address_type": "",
            "lambda_multi_value_headers_enabled": false,
            "load_balancer_arns": [],
            "load_balancing_algorithm_type": "",
            "load_balancing_anomaly_mitigation": "",
            "load_balancing_cross_zone_enabled": "",
            "name": "platform-web",
            "name_prefix": "",
            "port": 8080,
            "preserve_client_ip": "",
            "protocol": "HTTP",
            "protocol_version": "",
            "proxy_protocol_v2": false,
            "region": "us-east-1",
            "slow_start": 0,
            "stickiness": [],
            "tags": {
              "Name": "platform-web"
            },
            "tags_all": {
              "Name": "platform-web"
            },
            "target_control_port": null,
            "target_failover": [],
            "target_group_health": [],
            "target_health_state": [],
            "target_type": "instance",
            "vpc_id": "vpc-0ec67d780682f42d7"
          },
          "sensitive_attributes": []
        }
      ]
    },
    {
      "mode": "managed",
      "type": "aws_lb_target_group_attachment",
      "name": "api",
      "provider": "provider[\"registry.terraform.io/hashicorp/aws\"]",
      "instances": [
        {
          "schema_version": 0,
          "attributes": {
            "availability_zone": null,
            "port": 8080,
            "quic_server_id": null,
            "region": "us-east-1",
            "target_group_arn": "arn:aws:elasticloadbalancing:us-east-1:123456789012:targetgroup/78982b9d",
            "target_id": "i-0be5f5f86459e8b1f",
            "id": "7482da43e7e6465953b2"
          },
          "sensitive_attributes": []
        }
      ]
    },
    {
      "mode": "managed",
      "type": "aws_lb_target_group_attachment",
      "name": "web",
      "provider": "provider[\"registry.terraform.io/hashicorp/aws\"]",
      "instances": [
        {
          "schema_version": 0,
          "attributes": {
            "availability_zone": null,
            "port": 8080,
            "quic_server_id": null,
            "region": "us-east-1",
            "target_group_arn": "arn:aws:elasticloadbalancing:us-east-1:123456789012:targetgroup/e79246d0",
            "target_id": "i-0249bf2d3e7bbdadb",
            "id": "184029b8729d02e8ac27"
          },
          "sensitive_attributes": [],
          "index_key": 0
        },
        {
          "schema_version": 0,
          "attributes": {
            "availability_zone": null,
            "port": 8080,
            "quic_server_id": null,
            "region": "us-east-1",
            "target_group_arn": "arn:aws:elasticloadbalancing:us-east-1:123456789012:targetgroup/e79246d0",
            "target_id": "i-033c6384d472b70bd",
            "id": "c2bbe3f0a04ea1e79abe"
          },
          "sensitive_attributes": [],
          "index_key": 1
        }
      ],
      "each": "list"
    },
    {
      "mode": "managed",
      "type": "aws_nat_gateway",
      "name": "main",
      "provider": "provider[\"registry.terraform.io/hashicorp/aws\"]",
      "instances": [
        {
          "schema_version": 0,
          "attributes": {
            "allocation_id": "eipalloc-0feb6b07af46a4b8f",
            "association_id": "",
            "auto_provision_zones": "",
            "auto_scaling_ips": "",
            "availability_mode": "",
            "availability_zone_address": [],
            "connectivity_type": "public",
            "id": "nat-0f8441e2df8f17445",
            "network_interface_id": "",
            "private_ip": "",
            "public_ip": "",
            "region": "us-east-1",
            "regional_nat_gateway_address": [],
            "regional_nat_gateway_auto_mode": "",
            "route_table_id": "",
            "secondary_allocation_ids": [],
            "secondary_private_ip_address_count": 0,
            "secondary_private_ip_addresses": [],
            "subnet_id": "subnet-0e6c8224c12026f37",
            "tags": {
              "Name": "platform-nat-us-east-1a"
            },
            "tags_all": {
              "Name": "platform-nat-us-east-1a"
            },
            "timeouts": null,
            "vpc_id": ""
          },
          "sensitive_attributes": [],
          "index_key": 0
        },
        {
          "schema_version": 0,
          "attributes": {
            "allocation_id": "eipalloc-07f3d1ad5835d56ca",
            "association_id": "",
            "auto_provision_zones": "",
            "auto_scaling_ips": "",
            "availability_mode": "",
            "availability_zone_address": [],
            "connectivity_type": "public",
            "id": "nat-0bfe081c352f20d0d",
            "network_interface_id": "",
            "private_ip": "",
            "public_ip": "",
            "region": "us-east-1",
            "regional_nat_gateway_address": [],
            "regional_nat_gateway_auto_mode": "",
            "route_table_id": "",
            "secondary_allocation_ids": [],
            "secondary_private_ip_address_count": 0,
            "secondary_private_ip_addresses": [],
            "subnet_id": "subnet-066309a24571d0ba7",
            "tags": {
              "Name": "platform-nat-us-east-1b"
            },
            "tags_all": {
              "Name": "platform-nat-us-east-1b"
            },
            "timeouts": null,
            "vpc_id": ""
          },
          "sensitive_attributes": [],
          "index_key": 1
        }
      ],
      "each": "list"
    },
    {
      "mode": "managed",
      "type": "aws_route",
      "name": "private_nat",
      "provider": "provider[\"registry.terraform.io/hashicorp/aws\"]",
      "instances": [
        {
          "schema_version": 0,
          "attributes": {
            "carrier_gateway_id": null,
            "core_network_arn": null,
            "destination_cidr_block": "0.0.0.0/0",
            "destination_ipv6_cidr_block": null,
            "destination_prefix_list_id": null,
            "egress_only_gateway_id": null,
            "gateway_id": null,
            "id": "f1dcff08d2b2314695a5",
            "instance_id": "",
            "instance_owner_id": "",
            "local_gateway_id": null,
            "nat_gateway_id": "nat-0f8441e2df8f17445",
            "network_interface_id": "",
            "odb_network_arn": null,
            "origin": "",
            "region": "us-east-1",
            "route_table_id": "rtb-03590a81c3f29f8a5",
            "state": "",
            "timeouts": null,
            "transit_gateway_id": null,
            "vpc_endpoint_id": null,
            "vpc_peering_connection_id": null
          },
          "sensitive_attributes": [],
          "index_key": 0
        },
        {
          "schema_version": 0,
          "attributes": {
            "carrier_gateway_id": null,
            "core_network_arn": null,
            "destination_cidr_block": "0.0.0.0/0",
            "destination_ipv6_cidr_block": null,
            "destination_prefix_list_id": null,
            "egress_only_gateway_id": null,
            "gateway_id": null,
            "id": "3468d3af73150d788570",
            "instance_id": "",
            "instance_owner_id": "",
            "local_gateway_id": null,
            "nat_gateway_id": "nat-0bfe081c352f20d0d",
            "network_interface_id": "",
            "odb_network_arn": null,
            "origin": "",
            "region": "us-east-1",
            "route_table_id": "rtb-098c56260b451729f",
            "state": "",
            "timeouts": null,
            "transit_gateway_id": null,
            "vpc_endpoint_id": null,
            "vpc_peering_connection_id": null
          },
          "sensitive_attributes": [],
          "index_key": 1
        }
      ],
      "each": "list"
    },
    {
      "mode": "managed",
      "type": "aws_route",
      "name": "public_internet",
      "provider": "provider[\"registry.terraform.io/hashicorp/aws\"]",
      "instances": [
        {
          "schema_version": 0,
          "attributes": {
            "carrier_gateway_id": null,
            "core_network_arn": null,
            "destination_cidr_block": "0.0.0.0/0",
            "destination_ipv6_cidr_block": null,
            "destination_prefix_list_id": null,
            "egress_only_gateway_id": null,
            "gateway_id": "igw-079eb152af17cba2d",
            "id": "2ab66952b284914791ee",
            "instance_id": "",
            "instance_owner_id": "",
            "local_gateway_id": null,
            "nat_gateway_id": null,
            "network_interface_id": "",
            "odb_network_arn": null,
            "origin": "",
            "region": "us-east-1",
            "route_table_id": "rtb-0a0e1a2f39b272aa4",
            "state": "",
            "timeouts": null,
            "transit_gateway_id": null,
            "vpc_endpoint_id": null,
            "vpc_peering_connection_id": null
          },
          "sensitive_attributes": []
        }
      ]
    },
    {
      "mode": "managed",
      "type": "aws_route_table",
      "name": "private",
      "provider": "provider[\"registry.terraform.io/hashicorp/aws\"]",
      "instances": [
        {
          "schema_version": 0,
          "attributes": {
            "arn": "arn:aws:route:us-east-1:123456789012:route_table/rtb-03590a81c3f29f8a5",
            "id": "rtb-03590a81c3f29f8a5",
            "owner_id": "",
            "propagating_vgws": [],
            "region": "us-east-1",
            "route": [],
            "tags": {
              "Name": "platform-private-us-east-1a"
            },
            "tags_all": {
              "Name": "platform-private-us-east-1a"
            },
            "timeouts": null,
            "vpc_id": "vpc-0ec67d780682f42d7"
          },
          "sensitive_attributes": [],
          "index_key": 0
        },
        {
          "schema_version": 0,
          "attributes": {
            "arn": "arn:aws:route:us-east-1:123456789012:route_table/rtb-098c56260b451729f",
            "id": "rtb-098c56260b451729f",
            "owner_id": "",
            "propagating_vgws": [],
            "region": "us-east-1",
            "route": [],
            "tags": {
              "Name": "platform-private-us-east-1b"
            },
            "tags_all": {
              "Name": "platform-private-us-east-1b"
            },
            "timeouts": null,
            "vpc_id": "vpc-0ec67d780682f42d7"
          },
          "sensitive_attributes": [],
          "index_key": 1
        }
      ],
      "each": "list"
    },
    {
      "mode": "managed",
      "type": "aws_route_table",
      "name": "public",
      "provider": "provider[\"registry.terraform.io/hashicorp/aws\"]",
      "instances": [
        {
          "schema_version": 0,
          "attributes": {
            "arn": "arn:aws:route:us-east-1:123456789012:route_table/rtb-0a0e1a2f39b272aa4",
            "id": "rtb-0a0e1a2f39b272aa4",
            "owner_id": "",
            "propagating_vgws": [],
            "region": "us-east-1",
            "route": [],
            "tags": {
              "Name": "platform-public"
            },
            "tags_all": {
              "Name": "platform-public"
            },
            "timeouts": null,
            "vpc_id": "vpc-0ec67d780682f42d7"
          },
          "sensitive_attributes": []
        }
      ]
    },
    {
      "mode": "managed",
      "type": "aws_route_table_association",
      "name": "private",
      "provider": "provider[\"registry.terraform.io/hashicorp/aws\"]",
      "instances": [
        {
          "schema_version": 0,
          "attributes": {
            "gateway_id": null,
            "id": "rtbassoc-0359000f3a9cf5ec2",
            "region": "us-east-1",
            "route_table_id": "rtb-03590a81c3f29f8a5",
            "subnet_id": "subnet-0aee85bfb197b5c1a",
            "timeouts": null
          },
          "sensitive_attributes": [],
          "index_key": 0
        },
        {
          "schema_version": 0,
          "attributes": {
            "gateway_id": null,
            "id": "rtbassoc-036e64454992a0664",
            "region": "us-east-1",
            "route_table_id": "rtb-098c56260b451729f",
            "subnet_id": "subnet-086be67fc004d8bd0",
            "timeouts": null
          },
          "sensitive_attributes": [],
          "index_key": 1
        }
      ],
      "each": "list"
    },
    {
      "mode": "managed",
      "type": "aws_route_table_association",
      "name": "public",
      "provider": "provider[\"registry.terraform.io/hashicorp/aws\"]",
      "instances": [
        {
          "schema_version": 0,
          "attributes": {
            "gateway_id": null,
            "id": "rtbassoc-0b5db2267b53fe9f6",
            "region": "us-east-1",
            "route_table_id": "rtb-0a0e1a2f39b272aa4",
            "subnet_id": "subnet-0e6c8224c12026f37",
            "timeouts": null
          },
          "sensitive_attributes": [],
          "index_key": 0
        },
        {
          "schema_version": 0,
          "attributes": {
            "gateway_id": null,
            "id": "rtbassoc-0a6a34e1237ff066d",
            "region": "us-east-1",
            "route_table_id": "rtb-0a0e1a2f39b272aa4",
            "subnet_id": "subnet-066309a24571d0ba7",
            "timeouts": null
          },
          "sensitive_attributes": [],
          "index_key": 1
        }
      ],
      "each": "list"
    },
    {
      "mode": "managed",
      "type": "aws_security_group",
      "name": "alb",
      "provider": "provider[\"registry.terraform.io/hashicorp/aws\"]",
      "instances": [
        {
          "schema_version": 1,
          "attributes": {
            "arn": "arn:aws:security:us-east-1:123456789012:security_group/sg-01d5b59135d60c2bc",
            "description": "Public ingress to the load balancer",
            "egress": [
              {
                "cidr_blocks": [
                  "0.0.0.0/0"
                ],
                "description": "",
                "from_port": 0,
                "ipv6_cidr_blocks": [],
                "prefix_list_ids": [],
                "protocol": "-1",
                "security_groups": [],
                "self": false,
                "to_port": 0
              }
            ],
            "id": "sg-01d5b59135d60c2bc",
            "ingress": [
              {
                "cidr_blocks": [
                  "0.0.0.0/0"
                ],
                "description": "",
                "from_port": 80,
                "ipv6_cidr_blocks": [],
                "prefix_list_ids": [],
                "protocol": "tcp",
                "security_groups": [],
                "self": false,
                "to_port": 80
              }
            ],
            "name": "platform-alb",
            "name_prefix": "",
            "owner_id": "",
            "region": "us-east-1",
            "revoke_rules_on_delete": false,
            "tags": {
              "Name": "platform-alb"
            },
            "tags_all": {
              "Name": "platform-alb"
            },
            "timeouts": null,
            "vpc_id": "vpc-0ec67d780682f42d7"
          },
          "sensitive_attributes": []
        }
      ]
    },
    {
      "mode": "managed",
      "type": "aws_security_group",
      "name": "app",
      "provider": "provider[\"registry.terraform.io/hashicorp/aws\"]",
      "instances": [
        {
          "schema_version": 1,
          "attributes": {
            "arn": "arn:aws:security:us-east-1:123456789012:security_group/sg-0f4e14e106d7ef990",
            "description": "Application tier",
            "egress": [
              {
                "cidr_blocks": [
                  "0.0.0.0/0"
                ],
                "description": "",
                "from_port": 0,
                "ipv6_cidr_blocks": [],
                "prefix_list_ids": [],
                "protocol": "-1",
                "security_groups": [],
                "self": false,
                "to_port": 0
              }
            ],
            "id": "sg-0f4e14e106d7ef990",
            "ingress": [
              {
                "cidr_blocks": [],
                "description": "",
                "from_port": 8080,
                "ipv6_cidr_blocks": [],
                "prefix_list_ids": [],
                "protocol": "tcp",
                "security_groups": [
                  "sg-01d5b59135d60c2bc"
                ],
                "self": false,
                "to_port": 8080
              }
            ],
            "name": "platform-app",
            "name_prefix": "",
            "owner_id": "",
            "region": "us-east-1",
            "revoke_rules_on_delete": false,
            "tags": {
              "Name": "platform-app"
            },
            "tags_all": {
              "Name": "platform-app"
            },
            "timeouts": null,
            "vpc_id": "vpc-0ec67d780682f42d7"
          },
          "sensitive_attributes": []
        }
      ]
    },
    {
      "mode": "managed",
      "type": "aws_subnet",
      "name": "private",
      "provider": "provider[\"registry.terraform.io/hashicorp/aws\"]",
      "instances": [
        {
          "schema_version": 1,
          "attributes": {
            "arn": "arn:aws:subnet:us-east-1:123456789012:subnet/subnet-0aee85bfb197b5c1a",
            "assign_ipv6_address_on_creation": false,
            "availability_zone": "us-east-1a",
            "availability_zone_id": "",
            "cidr_block": "10.20.100.0/24",
            "customer_owned_ipv4_pool": null,
            "enable_dns64": false,
            "enable_lni_at_device_index": null,
            "enable_resource_name_dns_a_record_on_launch": false,
            "enable_resource_name_dns_aaaa_record_on_launch": false,
            "id": "subnet-0aee85bfb197b5c1a",
            "ipv4_ipam_pool_id": null,
            "ipv4_netmask_length": null,
            "ipv6_cidr_block": "",
            "ipv6_cidr_block_association_id": "",
            "ipv6_ipam_pool_id": null,
            "ipv6_native": false,
            "ipv6_netmask_length": null,
            "map_customer_owned_ip_on_launch": null,
            "map_public_ip_on_launch": false,
            "outpost_arn": null,
            "owner_id": "",
            "private_dns_hostname_type_on_launch": "",
            "region": "us-east-1",
            "tags": {
              "Name": "platform-private-us-east-1a"
            },
            "tags_all": {
              "Name": "platform-private-us-east-1a"
            },
            "timeouts": null,
            "vpc_id": "vpc-0ec67d780682f42d7"
          },
          "sensitive_attributes": [],
          "index_key": 0
        },
        {
          "schema_version": 1,
          "attributes": {
            "arn": "arn:aws:subnet:us-east-1:123456789012:subnet/subnet-086be67fc004d8bd0",
            "assign_ipv6_address_on_creation": false,
            "availability_zone": "us-east-1b",
            "availability_zone_id": "",
            "cidr_block": "10.20.101.0/24",
            "customer_owned_ipv4_pool": null,
            "enable_dns64": false,
            "enable_lni_at_device_index": null,
            "enable_resource_name_dns_a_record_on_launch": false,
            "enable_resource_name_dns_aaaa_record_on_launch": false,
            "id": "subnet-086be67fc004d8bd0",
            "ipv4_ipam_pool_id": null,
            "ipv4_netmask_length": null,
            "ipv6_cidr_block": "",
            "ipv6_cidr_block_association_id": "",
            "ipv6_ipam_pool_id": null,
            "ipv6_native": false,
            "ipv6_netmask_length": null,
            "map_customer_owned_ip_on_launch": null,
            "map_public_ip_on_launch": false,
            "outpost_arn": null,
            "owner_id": "",
            "private_dns_hostname_type_on_launch": "",
            "region": "us-east-1",
            "tags": {
              "Name": "platform-private-us-east-1b"
            },
            "tags_all": {
              "Name": "platform-private-us-east-1b"
            },
            "timeouts": null,
            "vpc_id": "vpc-0ec67d780682f42d7"
          },
          "sensitive_attributes": [],
          "index_key": 1
        }
      ],
      "each": "list"
    },
    {
      "mode": "managed",
      "type": "aws_subnet",
      "name": "public",
      "provider": "provider[\"registry.terraform.io/hashicorp/aws\"]",
      "instances": [
        {
          "schema_version": 1,
          "attributes": {
            "arn": "arn:aws:subnet:us-east-1:123456789012:subnet/subnet-0e6c8224c12026f37",
            "assign_ipv6_address_on_creation": false,
            "availability_zone": "us-east-1a",
            "availability_zone_id": "",
            "cidr_block": "10.20.0.0/24",
            "customer_owned_ipv4_pool": null,
            "enable_dns64": false,
            "enable_lni_at_device_index": null,
            "enable_resource_name_dns_a_record_on_launch": false,
            "enable_resource_name_dns_aaaa_record_on_launch": false,
            "id": "subnet-0e6c8224c12026f37",
            "ipv4_ipam_pool_id": null,
            "ipv4_netmask_length": null,
            "ipv6_cidr_block": "",
            "ipv6_cidr_block_association_id": "",
            "ipv6_ipam_pool_id": null,
            "ipv6_native": false,
            "ipv6_netmask_length": null,
            "map_customer_owned_ip_on_launch": null,
            "map_public_ip_on_launch": true,
            "outpost_arn": null,
            "owner_id": "",
            "private_dns_hostname_type_on_launch": "",
            "region": "us-east-1",
            "tags": {
              "Name": "platform-public-us-east-1a"
            },
            "tags_all": {
              "Name": "platform-public-us-east-1a"
            },
            "timeouts": null,
            "vpc_id": "vpc-0ec67d780682f42d7"
          },
          "sensitive_attributes": [],
          "index_key": 0
        },
        {
          "schema_version": 1,
          "attributes": {
            "arn": "arn:aws:subnet:us-east-1:123456789012:subnet/subnet-066309a24571d0ba7",
            "assign_ipv6_address_on_creation": false,
            "availability_zone": "us-east-1b",
            "availability_zone_id": "",
            "cidr_block": "10.20.1.0/24",
            "customer_owned_ipv4_pool": null,
            "enable_dns64": false,
            "enable_lni_at_device_index": null,
            "enable_resource_name_dns_a_record_on_launch": false,
            "enable_resource_name_dns_aaaa_record_on_launch": false,
            "id": "subnet-066309a24571d0ba7",
            "ipv4_ipam_pool_id": null,
            "ipv4_netmask_length": null,
            "ipv6_cidr_block": "",
            "ipv6_cidr_block_association_id": "",
            "ipv6_ipam_pool_id": null,
            "ipv6_native": false,
            "ipv6_netmask_length": null,
            "map_customer_owned_ip_on_launch": null,
            "map_public_ip_on_launch": true,
            "outpost_arn": null,
            "owner_id": "",
            "private_dns_hostname_type_on_launch": "",
            "region": "us-east-1",
            "tags": {
              "Name": "platform-public-us-east-1b"
            },
            "tags_all": {
              "Name": "platform-public-us-east-1b"
            },
            "timeouts": null,
            "vpc_id": "vpc-0ec67d780682f42d7"
          },
          "sensitive_attributes": [],
          "index_key": 1
        }
      ],
      "each": "list"
    },
    {
      "mode": "managed",
      "type": "aws_vpc",
      "name": "main",
      "provider": "provider[\"registry.terraform.io/hashicorp/aws\"]",
      "instances": [
        {
          "schema_version": 1,
          "attributes": {
            "arn": "arn:aws:vpc:us-east-1:123456789012:vpc/vpc-0ec67d780682f42d7",
            "assign_generated_ipv6_cidr_block": null,
            "cidr_block": "10.20.0.0/16",
            "default_network_acl_id": "",
            "default_route_table_id": "",
            "default_security_group_id": "",
            "dhcp_options_id": "",
            "enable_dns_hostnames": true,
            "enable_dns_support": true,
            "enable_network_address_usage_metrics": false,
            "id": "vpc-0ec67d780682f42d7",
            "instance_tenancy": "default",
            "ipv4_ipam_pool_id": null,
            "ipv4_netmask_length": null,
            "ipv6_association_id": "",
            "ipv6_cidr_block": "",
            "ipv6_cidr_block_network_border_group": "",
            "ipv6_ipam_pool_id": null,
            "ipv6_netmask_length": null,
            "main_route_table_id": "",
            "owner_id": "",
            "region": "us-east-1",
            "tags": {
              "Name": "platform"
            },
            "tags_all": {
              "Name": "platform"
            }
          },
          "sensitive_attributes": []
        }
      ]
    }
  ]
}
